// !$*UTF8*$!
{
	archiveVersion = 1;
	classes = {
	};
	objectVersion = 56;
	objects = {

/* Begin PBXBuildFile section */
		A10000000000000000000001 /* MemWatchApp.swift in Sources */ = {isa = PBXBuildFile; fileRef = A20000000000000000000001 /* MemWatchApp.swift */; };
		A10000000000000000000002 /* MemorySnapshot.swift in Sources */ = {isa = PBXBuildFile; fileRef = A20000000000000000000002 /* MemorySnapshot.swift */; };
		A10000000000000000000003 /* MemoryCollector.swift in Sources */ = {isa = PBXBuildFile; fileRef = A20000000000000000000003 /* MemoryCollector.swift */; };
		A10000000000000000000004 /* MonitoringService.swift in Sources */ = {isa = PBXBuildFile; fileRef = A20000000000000000000004 /* MonitoringService.swift */; };
		A10000000000000000000120 /* MonitoringCollector.swift in Sources */ = {isa = PBXBuildFile; fileRef = A20000000000000000000120 /* MonitoringCollector.swift */; };
		A10000000000000000000005 /* MenuBarView.swift in Sources */ = {isa = PBXBuildFile; fileRef = A20000000000000000000005 /* MenuBarView.swift */; };
		A10000000000000000000006 /* SwapIntelligenceEngine.swift in Sources */ = {isa = PBXBuildFile; fileRef = A20000000000000000000007 /* SwapIntelligenceEngine.swift */; };
		A10000000000000000000007 /* NotificationPolicyEngine.swift in Sources */ = {isa = PBXBuildFile; fileRef = A20000000000000000000008 /* NotificationPolicyEngine.swift */; };
		A10000000000000000000008 /* NotificationService.swift in Sources */ = {isa = PBXBuildFile; fileRef = A20000000000000000000009 /* NotificationService.swift */; };
		A10000000000000000000009 /* StorageSnapshot.swift in Sources */ = {isa = PBXBuildFile; fileRef = A20000000000000000000010 /* StorageSnapshot.swift */; };
		A10000000000000000000010 /* StorageCollector.swift in Sources */ = {isa = PBXBuildFile; fileRef = A20000000000000000000011 /* StorageCollector.swift */; };
		A10000000000000000000011 /* StorageNotificationPolicyEngine.swift in Sources */ = {isa = PBXBuildFile; fileRef = A20000000000000000000012 /* StorageNotificationPolicyEngine.swift */; };
		A10000000000000000000012 /* PowerSnapshot.swift in Sources */ = {isa = PBXBuildFile; fileRef = A20000000000000000000013 /* PowerSnapshot.swift */; };
		A10000000000000000000013 /* PowerCollector.swift in Sources */ = {isa = PBXBuildFile; fileRef = A20000000000000000000014 /* PowerCollector.swift */; };
		A10000000000000000000014 /* PowerMonitorView.swift in Sources */ = {isa = PBXBuildFile; fileRef = A20000000000000000000015 /* PowerMonitorView.swift */; };
		A10000000000000000000015 /* SystemDiagnosticsSnapshot.swift in Sources */ = {isa = PBXBuildFile; fileRef = A20000000000000000000016 /* SystemDiagnosticsSnapshot.swift */; };
		A10000000000000000000016 /* SystemDiagnosticsCollector.swift in Sources */ = {isa = PBXBuildFile; fileRef = A20000000000000000000017 /* SystemDiagnosticsCollector.swift */; };
		A10000000000000000000017 /* LaunchAtLoginService.swift in Sources */ = {isa = PBXBuildFile; fileRef = A20000000000000000000018 /* LaunchAtLoginService.swift */; };
		A10000000000000000000018 /* SystemDiagnosticsView.swift in Sources */ = {isa = PBXBuildFile; fileRef = A20000000000000000000019 /* SystemDiagnosticsView.swift */; };
		A10000000000000000000019 /* Assets.xcassets in Resources */ = {isa = PBXBuildFile; fileRef = A20000000000000000000020 /* Assets.xcassets */; };
		C10000000000000000000001 /* TemperatureSensor.swift in Sources */ = {isa = PBXBuildFile; fileRef = C20000000000000000000001 /* TemperatureSensor.swift */; };
		C10000000000000000000002 /* ThermalSnapshot.swift in Sources */ = {isa = PBXBuildFile; fileRef = C20000000000000000000002 /* ThermalSnapshot.swift */; };
		C10000000000000000000003 /* SensorCatalog.swift in Sources */ = {isa = PBXBuildFile; fileRef = C20000000000000000000003 /* SensorCatalog.swift */; };
		C10000000000000000000004 /* TemperatureValidator.swift in Sources */ = {isa = PBXBuildFile; fileRef = C20000000000000000000004 /* TemperatureValidator.swift */; };
		C10000000000000000000005 /* ThermalHealth.swift in Sources */ = {isa = PBXBuildFile; fileRef = C20000000000000000000005 /* ThermalHealth.swift */; };
		C10000000000000000000006 /* ThermalSourcePolicy.swift in Sources */ = {isa = PBXBuildFile; fileRef = C20000000000000000000006 /* ThermalSourcePolicy.swift */; };
		C10000000000000000000007 /* ThermalAggregator.swift in Sources */ = {isa = PBXBuildFile; fileRef = C20000000000000000000007 /* ThermalAggregator.swift */; };
		C10000000000000000000008 /* HIDTemperatureSource.swift in Sources */ = {isa = PBXBuildFile; fileRef = C20000000000000000000008 /* HIDTemperatureSource.swift */; };
		C10000000000000000000009 /* ThermalCollector.swift in Sources */ = {isa = PBXBuildFile; fileRef = C20000000000000000000009 /* ThermalCollector.swift */; };
		B10000000000000000000001 /* CleanupModels.swift in Sources */ = {isa = PBXBuildFile; fileRef = B20000000000000000000001 /* CleanupModels.swift */; };
		B10000000000000000000002 /* CleanupScanner.swift in Sources */ = {isa = PBXBuildFile; fileRef = B20000000000000000000002 /* CleanupScanner.swift */; };
		B10000000000000000000003 /* CleanupRuleCatalog.swift in Sources */ = {isa = PBXBuildFile; fileRef = B20000000000000000000003 /* CleanupRuleCatalog.swift */; };
		B10000000000000000000004 /* CleanupPathValidator.swift in Sources */ = {isa = PBXBuildFile; fileRef = B20000000000000000000004 /* CleanupPathValidator.swift */; };
		B10000000000000000000005 /* CleanupSafetyEngine.swift in Sources */ = {isa = PBXBuildFile; fileRef = B20000000000000000000005 /* CleanupSafetyEngine.swift */; };
		B10000000000000000000006 /* CleanupScanEngine.swift in Sources */ = {isa = PBXBuildFile; fileRef = B20000000000000000000006 /* CleanupScanEngine.swift */; };
		B10000000000000000000007 /* CleanupFileSizer.swift in Sources */ = {isa = PBXBuildFile; fileRef = B20000000000000000000007 /* CleanupFileSizer.swift */; };
		B10000000000000000000008 /* CleanupSecureRemoval.swift in Sources */ = {isa = PBXBuildFile; fileRef = B20000000000000000000008 /* CleanupSecureRemoval.swift */; };
		B10000000000000000000009 /* DeveloperProjectDiscovery.swift in Sources */ = {isa = PBXBuildFile; fileRef = B20000000000000000000009 /* DeveloperProjectDiscovery.swift */; };
		B10000000000000000000010 /* CargoMetadataResolver.swift in Sources */ = {isa = PBXBuildFile; fileRef = B20000000000000000000010 /* CargoMetadataResolver.swift */; };
		B10000000000000000000011 /* DeveloperBuildActivityGuard.swift in Sources */ = {isa = PBXBuildFile; fileRef = B20000000000000000000011 /* DeveloperBuildActivityGuard.swift */; };
		B10000000000000000000012 /* DeveloperBuildArtifactScanner.swift in Sources */ = {isa = PBXBuildFile; fileRef = B20000000000000000000012 /* DeveloperBuildArtifactScanner.swift */; };
		D10000000000000000000001 /* HelperProtocol.swift in Sources */ = {isa = PBXBuildFile; fileRef = D20000000000000000000001 /* HelperProtocol.swift */; };
		D10000000000000000000002 /* PrivilegedHelperService.swift in Sources */ = {isa = PBXBuildFile; fileRef = D20000000000000000000003 /* PrivilegedHelperService.swift */; };
		D10000000000000000000003 /* PrivilegedSystemScanner.swift in Sources */ = {isa = PBXBuildFile; fileRef = D20000000000000000000004 /* PrivilegedSystemScanner.swift */; };
		D10000000000000000000009 /* PrivilegedHelperInstallerScript.swift in Sources */ = {isa = PBXBuildFile; fileRef = D20000000000000000000007 /* PrivilegedHelperInstallerScript.swift */; };
		D10000000000000000000004 /* HelperProtocol.swift in Helper Sources */ = {isa = PBXBuildFile; fileRef = D20000000000000000000001 /* HelperProtocol.swift */; };
		D10000000000000000000005 /* HelperMain.swift in Helper Sources */ = {isa = PBXBuildFile; fileRef = D20000000000000000000002 /* HelperMain.swift */; };
		D10000000000000000000008 /* CleanupSecureRemoval.swift in Helper Sources */ = {isa = PBXBuildFile; fileRef = B20000000000000000000008 /* CleanupSecureRemoval.swift */; };
		D10000000000000000000006 /* MemWatchPrivilegedHelper in Copy Helper */ = {isa = PBXBuildFile; fileRef = D20000000000000000000006 /* MemWatchPrivilegedHelper */; settings = {ATTRIBUTES = (CodeSignOnCopy, ); }; };
		D10000000000000000000007 /* Helper daemon plist in Copy LaunchDaemons */ = {isa = PBXBuildFile; fileRef = D20000000000000000000005 /* com.knigdelioglu.MemWatch.PrivilegedHelper.plist */; };
		E10000000000000000000001 /* CleanupDeletionEngine.swift in Sources */ = {isa = PBXBuildFile; fileRef = E20000000000000000000001 /* CleanupDeletionEngine.swift */; };
		E10000000000000000000002 /* CleanupStores.swift in Sources */ = {isa = PBXBuildFile; fileRef = E20000000000000000000002 /* CleanupStores.swift */; };
		E10000000000000000000003 /* FullDiskAccessService.swift in Sources */ = {isa = PBXBuildFile; fileRef = E20000000000000000000003 /* FullDiskAccessService.swift */; };
		E10000000000000000000004 /* CleanupCoordinator.swift in Sources */ = {isa = PBXBuildFile; fileRef = E20000000000000000000004 /* CleanupCoordinator.swift */; };
			E10000000000000000000005 /* CleanupView.swift in Sources */ = {isa = PBXBuildFile; fileRef = E20000000000000000000005 /* CleanupView.swift */; };
			F10000000000000000000001 /* Display/App/DisplayCoordinator+Connection.swift in Sources */ = {isa = PBXBuildFile; fileRef = F20000000000000000000001 /* Display/App/DisplayCoordinator+Connection.swift */; };
			F10000000000000000000002 /* Display/App/DisplayCoordinator.swift in Sources */ = {isa = PBXBuildFile; fileRef = F20000000000000000000002 /* Display/App/DisplayCoordinator.swift */; };
			F10000000000000000000003 /* Display/App/DisplayPreferencesMigration.swift in Sources */ = {isa = PBXBuildFile; fileRef = F20000000000000000000003 /* Display/App/DisplayPreferencesMigration.swift */; };
			F10000000000000000000004 /* Display/App/KeepAwakeCoordinator.swift in Sources */ = {isa = PBXBuildFile; fileRef = F20000000000000000000004 /* Display/App/KeepAwakeCoordinator.swift */; };
			F10000000000000000000005 /* Display/App/LegacyAmbientSyncMigration.swift in Sources */ = {isa = PBXBuildFile; fileRef = F20000000000000000000005 /* Display/App/LegacyAmbientSyncMigration.swift */; };
			F10000000000000000000101 /* Display/App/DisplayCapabilityProvider.swift in Sources */ = {isa = PBXBuildFile; fileRef = F20000000000000000000101 /* Display/App/DisplayCapabilityProvider.swift */; };
			F10000000000000000000102 /* Display/App/DisplayFeatureComposition.swift in Sources */ = {isa = PBXBuildFile; fileRef = F20000000000000000000102 /* Display/App/DisplayFeatureComposition.swift */; };
			F10000000000000000000103 /* Display/App/DisplayCoordinator+Features.swift in Sources */ = {isa = PBXBuildFile; fileRef = F20000000000000000000103 /* Display/App/DisplayCoordinator+Features.swift */; };
			F10000000000000000000104 /* Display/App/DisplayCoordinator+BrightnessRuntime.swift in Sources */ = {isa = PBXBuildFile; fileRef = F20000000000000000000104 /* Display/App/DisplayCoordinator+BrightnessRuntime.swift */; };
			F10000000000000000000006 /* Display/BrightnessEngine/BrightnessCurve.swift in Sources */ = {isa = PBXBuildFile; fileRef = F20000000000000000000006 /* Display/BrightnessEngine/BrightnessCurve.swift */; };
			F10000000000000000000007 /* Display/BrightnessEngine/LuxFilter.swift in Sources */ = {isa = PBXBuildFile; fileRef = F20000000000000000000007 /* Display/BrightnessEngine/LuxFilter.swift */; };
			F10000000000000000000008 /* Display/DisplayControl/Brightness/BrightnessAutoControlDiagnosticModels.swift in Sources */ = {isa = PBXBuildFile; fileRef = F20000000000000000000008 /* Display/DisplayControl/Brightness/BrightnessAutoControlDiagnosticModels.swift */; };
			F10000000000000000000009 /* Display/DisplayControl/Brightness/BrightnessAutoControlDiagnosticReporter.swift in Sources */ = {isa = PBXBuildFile; fileRef = F20000000000000000000009 /* Display/DisplayControl/Brightness/BrightnessAutoControlDiagnosticReporter.swift */; };
			F10000000000000000000010 /* Display/DisplayControl/Brightness/BrightnessAutoController.swift in Sources */ = {isa = PBXBuildFile; fileRef = F20000000000000000000010 /* Display/DisplayControl/Brightness/BrightnessAutoController.swift */; };
			F10000000000000000000011 /* Display/DisplayControl/Brightness/BrightnessAutoLoopPlanner.swift in Sources */ = {isa = PBXBuildFile; fileRef = F20000000000000000000011 /* Display/DisplayControl/Brightness/BrightnessAutoLoopPlanner.swift */; };
			F10000000000000000000012 /* Display/DisplayControl/Brightness/BrightnessAutoWriteOutcomePlanner.swift in Sources */ = {isa = PBXBuildFile; fileRef = F20000000000000000000012 /* Display/DisplayControl/Brightness/BrightnessAutoWriteOutcomePlanner.swift */; };
			F10000000000000000000013 /* Display/DisplayControl/Brightness/BrightnessMappingDiagnosticModels.swift in Sources */ = {isa = PBXBuildFile; fileRef = F20000000000000000000013 /* Display/DisplayControl/Brightness/BrightnessMappingDiagnosticModels.swift */; };
			F10000000000000000000014 /* Display/DisplayControl/Brightness/BrightnessMappingDiagnosticReporter.swift in Sources */ = {isa = PBXBuildFile; fileRef = F20000000000000000000014 /* Display/DisplayControl/Brightness/BrightnessMappingDiagnosticReporter.swift */; };
			F10000000000000000000015 /* Display/DisplayControl/Brightness/BrightnessState.swift in Sources */ = {isa = PBXBuildFile; fileRef = F20000000000000000000015 /* Display/DisplayControl/Brightness/BrightnessState.swift */; };
			F10000000000000000000016 /* Display/DisplayControl/Brightness/DDCBrightnessMaxDiagnostic.swift in Sources */ = {isa = PBXBuildFile; fileRef = F20000000000000000000016 /* Display/DisplayControl/Brightness/DDCBrightnessMaxDiagnostic.swift */; };
			F10000000000000000000017 /* Display/DisplayControl/Brightness/DDCBrightnessMaxDiagnosticModels.swift in Sources */ = {isa = PBXBuildFile; fileRef = F20000000000000000000017 /* Display/DisplayControl/Brightness/DDCBrightnessMaxDiagnosticModels.swift */; };
			F10000000000000000000018 /* Display/DisplayControl/Brightness/DDCBrightnessMaxDiagnosticReporter.swift in Sources */ = {isa = PBXBuildFile; fileRef = F20000000000000000000018 /* Display/DisplayControl/Brightness/DDCBrightnessMaxDiagnosticReporter.swift */; };
			F10000000000000000000019 /* Display/DisplayControl/Brightness/DDCBrightnessParsing.swift in Sources */ = {isa = PBXBuildFile; fileRef = F20000000000000000000019 /* Display/DisplayControl/Brightness/DDCBrightnessParsing.swift */; };
			F10000000000000000000020 /* Display/DisplayControl/Brightness/DDCBrightnessScale.swift in Sources */ = {isa = PBXBuildFile; fileRef = F20000000000000000000020 /* Display/DisplayControl/Brightness/DDCBrightnessScale.swift */; };
			F10000000000000000000021 /* Display/DisplayControl/Brightness/DDCRawBrightnessProbeDiagnostic.swift in Sources */ = {isa = PBXBuildFile; fileRef = F20000000000000000000021 /* Display/DisplayControl/Brightness/DDCRawBrightnessProbeDiagnostic.swift */; };
			F10000000000000000000022 /* Display/DisplayControl/Brightness/DDCRawBrightnessProbeModels.swift in Sources */ = {isa = PBXBuildFile; fileRef = F20000000000000000000022 /* Display/DisplayControl/Brightness/DDCRawBrightnessProbeModels.swift */; };
			F10000000000000000000023 /* Display/DisplayControl/Brightness/DDCRawBrightnessProbeReporter.swift in Sources */ = {isa = PBXBuildFile; fileRef = F20000000000000000000023 /* Display/DisplayControl/Brightness/DDCRawBrightnessProbeReporter.swift */; };
			F10000000000000000000024 /* Display/DisplayControl/Brightness/HDRBrightnessDDCReader.swift in Sources */ = {isa = PBXBuildFile; fileRef = F20000000000000000000024 /* Display/DisplayControl/Brightness/HDRBrightnessDDCReader.swift */; };
			F10000000000000000000025 /* Display/DisplayControl/Brightness/HDRBrightnessDiagnostic.swift in Sources */ = {isa = PBXBuildFile; fileRef = F20000000000000000000025 /* Display/DisplayControl/Brightness/HDRBrightnessDiagnostic.swift */; };
			F10000000000000000000026 /* Display/DisplayControl/Brightness/HDRBrightnessDiagnosticReporter.swift in Sources */ = {isa = PBXBuildFile; fileRef = F20000000000000000000026 /* Display/DisplayControl/Brightness/HDRBrightnessDiagnosticReporter.swift */; };
			F10000000000000000000027 /* Display/DisplayControl/Brightness/HDRBrightnessModels.swift in Sources */ = {isa = PBXBuildFile; fileRef = F20000000000000000000027 /* Display/DisplayControl/Brightness/HDRBrightnessModels.swift */; };
			F10000000000000000000028 /* Display/DisplayControl/CGSModeSwitcher.swift in Sources */ = {isa = PBXBuildFile; fileRef = F20000000000000000000028 /* Display/DisplayControl/CGSModeSwitcher.swift */; };
			F10000000000000000000029 /* Display/DisplayControl/DisplayConnectionBackend.swift in Sources */ = {isa = PBXBuildFile; fileRef = F20000000000000000000029 /* Display/DisplayControl/DisplayConnectionBackend.swift */; };
			F10000000000000000000030 /* Display/DisplayControl/DisplayConnectionController.swift in Sources */ = {isa = PBXBuildFile; fileRef = F20000000000000000000030 /* Display/DisplayControl/DisplayConnectionController.swift */; };
			F10000000000000000000031 /* Display/DisplayControl/DisplayConnectionState.swift in Sources */ = {isa = PBXBuildFile; fileRef = F20000000000000000000031 /* Display/DisplayControl/DisplayConnectionState.swift */; };
			F10000000000000000000034 /* Display/DisplayControl/EDID/DisplayEDIDReader.swift in Sources */ = {isa = PBXBuildFile; fileRef = F20000000000000000000034 /* Display/DisplayControl/EDID/DisplayEDIDReader.swift */; };
			F10000000000000000000035 /* Display/DisplayControl/EDID/EDIDDiagnosticReporter.swift in Sources */ = {isa = PBXBuildFile; fileRef = F20000000000000000000035 /* Display/DisplayControl/EDID/EDIDDiagnosticReporter.swift */; };
			F10000000000000000000036 /* Display/DisplayControl/EDID/EDIDHash.swift in Sources */ = {isa = PBXBuildFile; fileRef = F20000000000000000000036 /* Display/DisplayControl/EDID/EDIDHash.swift */; };
			F10000000000000000000037 /* Display/DisplayControl/EDID/EDIDIORegistryReader.swift in Sources */ = {isa = PBXBuildFile; fileRef = F20000000000000000000037 /* Display/DisplayControl/EDID/EDIDIORegistryReader.swift */; };
			F10000000000000000000038 /* Display/DisplayControl/EDID/EDIDModels.swift in Sources */ = {isa = PBXBuildFile; fileRef = F20000000000000000000038 /* Display/DisplayControl/EDID/EDIDModels.swift */; };
			F10000000000000000000039 /* Display/DisplayControl/EDID/EDIDParser.swift in Sources */ = {isa = PBXBuildFile; fileRef = F20000000000000000000039 /* Display/DisplayControl/EDID/EDIDParser.swift */; };
			F10000000000000000000040 /* Display/DisplayControl/Experimental/CGSModeEnumerationDiagnostic.swift in Sources */ = {isa = PBXBuildFile; fileRef = F20000000000000000000040 /* Display/DisplayControl/Experimental/CGSModeEnumerationDiagnostic.swift */; };
			F10000000000000000000041 /* Display/DisplayControl/Experimental/HiDPIPrivateActivationSafety.swift in Sources */ = {isa = PBXBuildFile; fileRef = F20000000000000000000041 /* Display/DisplayControl/Experimental/HiDPIPrivateActivationSafety.swift */; };
			F10000000000000000000043 /* Display/DisplayControl/Experimental/PrivateActivationExperiment.swift in Sources */ = {isa = PBXBuildFile; fileRef = F20000000000000000000043 /* Display/DisplayControl/Experimental/PrivateActivationExperiment.swift */; };
			F10000000000000000000044 /* Display/DisplayControl/Experimental/PrivateDisplaySymbolResolver.swift in Sources */ = {isa = PBXBuildFile; fileRef = F20000000000000000000044 /* Display/DisplayControl/Experimental/PrivateDisplaySymbolResolver.swift */; };
			F10000000000000000000045 /* Display/DisplayControl/Experimental/PrivateHiDPIActivationEngine.swift in Sources */ = {isa = PBXBuildFile; fileRef = F20000000000000000000045 /* Display/DisplayControl/Experimental/PrivateHiDPIActivationEngine.swift */; };
			F10000000000000000000047 /* Display/DisplayControl/HiDPIActivationEngine.swift in Sources */ = {isa = PBXBuildFile; fileRef = F20000000000000000000047 /* Display/DisplayControl/HiDPIActivationEngine.swift */; };
			F10000000000000000000048 /* Display/DisplayControl/HiDPIDiagnostic.swift in Sources */ = {isa = PBXBuildFile; fileRef = F20000000000000000000048 /* Display/DisplayControl/HiDPIDiagnostic.swift */; };
			F10000000000000000000049 /* Display/DisplayControl/HiDPIDisplayOverrideManager.swift in Sources */ = {isa = PBXBuildFile; fileRef = F20000000000000000000049 /* Display/DisplayControl/HiDPIDisplayOverrideManager.swift */; };
			F10000000000000000000050 /* Display/DisplayControl/HiDPIFeatureController.swift in Sources */ = {isa = PBXBuildFile; fileRef = F20000000000000000000050 /* Display/DisplayControl/HiDPIFeatureController.swift */; };
			F10000000000000000000051 /* Display/DisplayControl/HiDPIModeApplier.swift in Sources */ = {isa = PBXBuildFile; fileRef = F20000000000000000000051 /* Display/DisplayControl/HiDPIModeApplier.swift */; };
			F10000000000000000000052 /* Display/DisplayControl/HiDPIModePoolDiagnostic.swift in Sources */ = {isa = PBXBuildFile; fileRef = F20000000000000000000052 /* Display/DisplayControl/HiDPIModePoolDiagnostic.swift */; };
			F10000000000000000000053 /* Display/DisplayControl/HiDPIOverridePlistBuilder.swift in Sources */ = {isa = PBXBuildFile; fileRef = F20000000000000000000053 /* Display/DisplayControl/HiDPIOverridePlistBuilder.swift */; };
			F10000000000000000000054 /* Display/DisplayControl/HiDPIOverrideReferenceStore.swift in Sources */ = {isa = PBXBuildFile; fileRef = F20000000000000000000054 /* Display/DisplayControl/HiDPIOverrideReferenceStore.swift */; };
			F10000000000000000000055 /* Display/DisplayControl/HiDPIReapplyService.swift in Sources */ = {isa = PBXBuildFile; fileRef = F20000000000000000000055 /* Display/DisplayControl/HiDPIReapplyService.swift */; };
			F10000000000000000000105 /* Display/DisplayControl/HiDPIReapplyLifecycle.swift in Sources */ = {isa = PBXBuildFile; fileRef = F20000000000000000000105 /* Display/DisplayControl/HiDPIReapplyLifecycle.swift */; };
			F10000000000000000000106 /* Display/App/DisplayCoordinator+DisplayRuntime.swift in Sources */ = {isa = PBXBuildFile; fileRef = F20000000000000000000106 /* Display/App/DisplayCoordinator+DisplayRuntime.swift */; };
			F10000000000000000000107 /* Display/App/DisplayCoordinator+BrightnessControls.swift in Sources */ = {isa = PBXBuildFile; fileRef = F20000000000000000000107 /* Display/App/DisplayCoordinator+BrightnessControls.swift */; };
			F10000000000000000000108 /* Display/App/DisplayCoordinator+HiDPI.swift in Sources */ = {isa = PBXBuildFile; fileRef = F20000000000000000000108 /* Display/App/DisplayCoordinator+HiDPI.swift */; };
			F10000000000000000000109 /* Display/App/DisplayRuntimeState.swift in Sources */ = {isa = PBXBuildFile; fileRef = F20000000000000000000109 /* Display/App/DisplayRuntimeState.swift */; };
			F10000000000000000000110 /* Display/App/DisplayCoordinator+State.swift in Sources */ = {isa = PBXBuildFile; fileRef = F20000000000000000000110 /* Display/App/DisplayCoordinator+State.swift */; };
			F10000000000000000000111 /* Display/DisplayControl/DisplayDiscoveryDiagnostic.swift in Sources */ = {isa = PBXBuildFile; fileRef = F20000000000000000000111 /* Display/DisplayControl/DisplayDiscoveryDiagnostic.swift */; };
			F10000000000000000000112 /* Display/App/DisplayCoordinator+PowerLifecycle.swift in Sources */ = {isa = PBXBuildFile; fileRef = F20000000000000000000112 /* Display/App/DisplayCoordinator+PowerLifecycle.swift */; };
			F10000000000000000000113 /* Display/App/DisplayPowerLifecycle.swift in Sources */ = {isa = PBXBuildFile; fileRef = F20000000000000000000113 /* Display/App/DisplayPowerLifecycle.swift */; };
			F10000000000000000000056 /* Display/DisplayControl/HiDPIRefreshService.swift in Sources */ = {isa = PBXBuildFile; fileRef = F20000000000000000000056 /* Display/DisplayControl/HiDPIRefreshService.swift */; };
			F10000000000000000000057 /* Display/DisplayControl/HiDPIReportPaths.swift in Sources */ = {isa = PBXBuildFile; fileRef = F20000000000000000000057 /* Display/DisplayControl/HiDPIReportPaths.swift */; };
			F10000000000000000000058 /* Display/DisplayControl/HiDPIStateStore.swift in Sources */ = {isa = PBXBuildFile; fileRef = F20000000000000000000058 /* Display/DisplayControl/HiDPIStateStore.swift */; };
			F10000000000000000000059 /* Display/DisplayControl/HiDPISystemSnapshotReporter.swift in Sources */ = {isa = PBXBuildFile; fileRef = F20000000000000000000059 /* Display/DisplayControl/HiDPISystemSnapshotReporter.swift */; };
			F10000000000000000000060 /* Display/DisplayControl/HiDPITargetDisplayResolver.swift in Sources */ = {isa = PBXBuildFile; fileRef = F20000000000000000000060 /* Display/DisplayControl/HiDPITargetDisplayResolver.swift */; };
			F10000000000000000000061 /* Display/DisplayControl/InternalDisplayBrightnessController.swift in Sources */ = {isa = PBXBuildFile; fileRef = F20000000000000000000061 /* Display/DisplayControl/InternalDisplayBrightnessController.swift */; };
			F10000000000000000000062 /* Display/DisplayControl/M1DDCDisplayController.swift in Sources */ = {isa = PBXBuildFile; fileRef = F20000000000000000000062 /* Display/DisplayControl/M1DDCDisplayController.swift */; };
			F10000000000000000000063 /* Display/DisplayControl/NativeDisplayModeReader.swift in Sources */ = {isa = PBXBuildFile; fileRef = F20000000000000000000063 /* Display/DisplayControl/NativeDisplayModeReader.swift */; };
			F10000000000000000000064 /* Display/DisplayControl/PrivateDisplayConnectionBackend.swift in Sources */ = {isa = PBXBuildFile; fileRef = F20000000000000000000064 /* Display/DisplayControl/PrivateDisplayConnectionBackend.swift */; };
			F10000000000000000000065 /* Display/DisplayFeature.swift in Sources */ = {isa = PBXBuildFile; fileRef = F20000000000000000000065 /* Display/DisplayFeature.swift */; };
			F10000000000000000000066 /* Display/Preferences/AmbientSyncModels.swift in Sources */ = {isa = PBXBuildFile; fileRef = F20000000000000000000066 /* Display/Preferences/AmbientSyncModels.swift */; };
			F10000000000000000000067 /* Display/Sensors/PrivateALSSensorReader.swift in Sources */ = {isa = PBXBuildFile; fileRef = F20000000000000000000067 /* Display/Sensors/PrivateALSSensorReader.swift */; };
			F10000000000000000000068 /* Display/System/KeepAwakeController.swift in Sources */ = {isa = PBXBuildFile; fileRef = F20000000000000000000068 /* Display/System/KeepAwakeController.swift */; };
			F10000000000000000000069 /* Display/System/KeepAwakeFeatureController.swift in Sources */ = {isa = PBXBuildFile; fileRef = F20000000000000000000069 /* Display/System/KeepAwakeFeatureController.swift */; };
			F10000000000000000000070 /* Display/System/MonitorVolumeKeyRouter.swift in Sources */ = {isa = PBXBuildFile; fileRef = F20000000000000000000070 /* Display/System/MonitorVolumeKeyRouter.swift */; };
			F10000000000000000000071 /* Display/System/PowerSourceController.swift in Sources */ = {isa = PBXBuildFile; fileRef = F20000000000000000000071 /* Display/System/PowerSourceController.swift */; };
			F10000000000000000000072 /* Display/System/VolumeFeatureController.swift in Sources */ = {isa = PBXBuildFile; fileRef = F20000000000000000000072 /* Display/System/VolumeFeatureController.swift */; };
			F10000000000000000000073 /* App/AppServices.swift in Sources */ = {isa = PBXBuildFile; fileRef = F20000000000000000000073 /* App/AppServices.swift */; };
			F10000000000000000000074 /* App/CapabilityRegistry.swift in Sources */ = {isa = PBXBuildFile; fileRef = F20000000000000000000074 /* App/CapabilityRegistry.swift */; };
			F10000000000000000000075 /* Core/Polling/PollingScheduler.swift in Sources */ = {isa = PBXBuildFile; fileRef = F20000000000000000000075 /* Core/Polling/PollingScheduler.swift */; };
			F10000000000000000000076 /* App/DisplayDiagnosticRouter.swift in Sources */ = {isa = PBXBuildFile; fileRef = F20000000000000000000076 /* App/DisplayDiagnosticRouter.swift */; };
			F10000000000000000000077 /* Views/DisplayFeatureView.swift in Sources */ = {isa = PBXBuildFile; fileRef = F20000000000000000000077 /* Views/DisplayFeatureView.swift */; };
			F10000000000000000000078 /* Views/UnifiedSettingsView.swift in Sources */ = {isa = PBXBuildFile; fileRef = F20000000000000000000078 /* Views/UnifiedSettingsView.swift */; };
			F10000000000000000000079 /* Display/DisplayControl/Brightness/M1DDCBrightnessWriteStatus.swift in Sources */ = {isa = PBXBuildFile; fileRef = F20000000000000000000079 /* Display/DisplayControl/Brightness/M1DDCBrightnessWriteStatus.swift */; };
			F10000000000000000000080 /* Core/Power/PowerSourceReader.swift in Sources */ = {isa = PBXBuildFile; fileRef = F20000000000000000000080 /* Core/Power/PowerSourceReader.swift */; };
			F70000000000000000000001 /* Samsung HiDPI reference in Resources */ = {isa = PBXBuildFile; fileRef = F60000000000000000000001 /* Samsung_4C2D_76AB_reference.plist */; };
/* End PBXBuildFile section */

/* Begin PBXContainerItemProxy section */
		D80000000000000000000001 /* PBXContainerItemProxy */ = {
			isa = PBXContainerItemProxy;
			containerPortal = A80000000000000000000001 /* Project object */;
			proxyType = 1;
			remoteGlobalIDString = D50000000000000000000001;
			remoteInfo = MemWatchPrivilegedHelper;
		};
/* End PBXContainerItemProxy section */

/* Begin PBXCopyFilesBuildPhase section */
		D71000000000000000000001 /* Copy Privileged Helper */ = {
			isa = PBXCopyFilesBuildPhase;
			buildActionMask = 2147483647;
			dstPath = "Contents/Library/HelperTools";
			dstSubfolderSpec = 1;
			files = (
				D10000000000000000000006 /* MemWatchPrivilegedHelper in Copy Helper */,
			);
			name = "Copy Privileged Helper";
			runOnlyForDeploymentPostprocessing = 0;
		};
		D71000000000000000000002 /* Copy LaunchDaemon Plist */ = {
			isa = PBXCopyFilesBuildPhase;
			buildActionMask = 2147483647;
			dstPath = "Contents/Library/LaunchDaemons";
			dstSubfolderSpec = 1;
			files = (
				D10000000000000000000007 /* Helper daemon plist in Copy LaunchDaemons */,
			);
			name = "Copy LaunchDaemon Plist";
			runOnlyForDeploymentPostprocessing = 0;
		};
/* End PBXCopyFilesBuildPhase section */

/* Begin PBXFileReference section */
		A20000000000000000000001 /* MemWatchApp.swift */ = {isa = PBXFileReference; lastKnownFileType = sourcecode.swift; path = MemWatchApp.swift; sourceTree = "<group>"; };
		A20000000000000000000002 /* MemorySnapshot.swift */ = {isa = PBXFileReference; lastKnownFileType = sourcecode.swift; path = MemorySnapshot.swift; sourceTree = "<group>"; };
		A20000000000000000000003 /* MemoryCollector.swift */ = {isa = PBXFileReference; lastKnownFileType = sourcecode.swift; path = MemoryCollector.swift; sourceTree = "<group>"; };
		A20000000000000000000004 /* MonitoringService.swift */ = {isa = PBXFileReference; lastKnownFileType = sourcecode.swift; path = MonitoringService.swift; sourceTree = "<group>"; };
		A20000000000000000000120 /* MonitoringCollector.swift */ = {isa = PBXFileReference; lastKnownFileType = sourcecode.swift; path = MonitoringCollector.swift; sourceTree = "<group>"; };
		A20000000000000000000005 /* MenuBarView.swift */ = {isa = PBXFileReference; lastKnownFileType = sourcecode.swift; path = MenuBarView.swift; sourceTree = "<group>"; };
		A20000000000000000000006 /* MemWatch.app */ = {isa = PBXFileReference; explicitFileType = wrapper.application; includeInIndex = 0; path = MemWatch.app; sourceTree = BUILT_PRODUCTS_DIR; };
		A20000000000000000000007 /* SwapIntelligenceEngine.swift */ = {isa = PBXFileReference; lastKnownFileType = sourcecode.swift; path = SwapIntelligenceEngine.swift; sourceTree = "<group>"; };
		A20000000000000000000008 /* NotificationPolicyEngine.swift */ = {isa = PBXFileReference; lastKnownFileType = sourcecode.swift; path = NotificationPolicyEngine.swift; sourceTree = "<group>"; };
		A20000000000000000000009 /* NotificationService.swift */ = {isa = PBXFileReference; lastKnownFileType = sourcecode.swift; path = NotificationService.swift; sourceTree = "<group>"; };
		A20000000000000000000010 /* StorageSnapshot.swift */ = {isa = PBXFileReference; lastKnownFileType = sourcecode.swift; path = StorageSnapshot.swift; sourceTree = "<group>"; };
		A20000000000000000000011 /* StorageCollector.swift */ = {isa = PBXFileReference; lastKnownFileType = sourcecode.swift; path = StorageCollector.swift; sourceTree = "<group>"; };
		A20000000000000000000012 /* StorageNotificationPolicyEngine.swift */ = {isa = PBXFileReference; lastKnownFileType = sourcecode.swift; path = StorageNotificationPolicyEngine.swift; sourceTree = "<group>"; };
		A20000000000000000000013 /* PowerSnapshot.swift */ = {isa = PBXFileReference; lastKnownFileType = sourcecode.swift; path = PowerSnapshot.swift; sourceTree = "<group>"; };
		A20000000000000000000014 /* PowerCollector.swift */ = {isa = PBXFileReference; lastKnownFileType = sourcecode.swift; path = PowerCollector.swift; sourceTree = "<group>"; };
		A20000000000000000000015 /* PowerMonitorView.swift */ = {isa = PBXFileReference; lastKnownFileType = sourcecode.swift; path = PowerMonitorView.swift; sourceTree = "<group>"; };
		A20000000000000000000016 /* SystemDiagnosticsSnapshot.swift */ = {isa = PBXFileReference; lastKnownFileType = sourcecode.swift; path = SystemDiagnosticsSnapshot.swift; sourceTree = "<group>"; };
		A20000000000000000000017 /* SystemDiagnosticsCollector.swift */ = {isa = PBXFileReference; lastKnownFileType = sourcecode.swift; path = SystemDiagnosticsCollector.swift; sourceTree = "<group>"; };
		A20000000000000000000018 /* LaunchAtLoginService.swift */ = {isa = PBXFileReference; lastKnownFileType = sourcecode.swift; path = LaunchAtLoginService.swift; sourceTree = "<group>"; };
		A20000000000000000000019 /* SystemDiagnosticsView.swift */ = {isa = PBXFileReference; lastKnownFileType = sourcecode.swift; path = SystemDiagnosticsView.swift; sourceTree = "<group>"; };
		A20000000000000000000020 /* Assets.xcassets */ = {isa = PBXFileReference; lastKnownFileType = folder.assetcatalog; path = Assets.xcassets; sourceTree = "<group>"; };
		C20000000000000000000001 /* TemperatureSensor.swift */ = {isa = PBXFileReference; lastKnownFileType = sourcecode.swift; path = TemperatureSensor.swift; sourceTree = "<group>"; };
		C20000000000000000000002 /* ThermalSnapshot.swift */ = {isa = PBXFileReference; lastKnownFileType = sourcecode.swift; path = ThermalSnapshot.swift; sourceTree = "<group>"; };
		C20000000000000000000003 /* SensorCatalog.swift */ = {isa = PBXFileReference; lastKnownFileType = sourcecode.swift; path = SensorCatalog.swift; sourceTree = "<group>"; };
		C20000000000000000000004 /* TemperatureValidator.swift */ = {isa = PBXFileReference; lastKnownFileType = sourcecode.swift; path = TemperatureValidator.swift; sourceTree = "<group>"; };
		C20000000000000000000005 /* ThermalHealth.swift */ = {isa = PBXFileReference; lastKnownFileType = sourcecode.swift; path = ThermalHealth.swift; sourceTree = "<group>"; };
		C20000000000000000000006 /* ThermalSourcePolicy.swift */ = {isa = PBXFileReference; lastKnownFileType = sourcecode.swift; path = ThermalSourcePolicy.swift; sourceTree = "<group>"; };
		C20000000000000000000007 /* ThermalAggregator.swift */ = {isa = PBXFileReference; lastKnownFileType = sourcecode.swift; path = ThermalAggregator.swift; sourceTree = "<group>"; };
		C20000000000000000000008 /* HIDTemperatureSource.swift */ = {isa = PBXFileReference; lastKnownFileType = sourcecode.swift; path = HIDTemperatureSource.swift; sourceTree = "<group>"; };
		C20000000000000000000009 /* ThermalCollector.swift */ = {isa = PBXFileReference; lastKnownFileType = sourcecode.swift; path = ThermalCollector.swift; sourceTree = "<group>"; };
		B20000000000000000000001 /* CleanupModels.swift */ = {isa = PBXFileReference; lastKnownFileType = sourcecode.swift; path = CleanupModels.swift; sourceTree = "<group>"; };
		B20000000000000000000002 /* CleanupScanner.swift */ = {isa = PBXFileReference; lastKnownFileType = sourcecode.swift; path = CleanupScanner.swift; sourceTree = "<group>"; };
		B20000000000000000000003 /* CleanupRuleCatalog.swift */ = {isa = PBXFileReference; lastKnownFileType = sourcecode.swift; path = CleanupRuleCatalog.swift; sourceTree = "<group>"; };
		B20000000000000000000004 /* CleanupPathValidator.swift */ = {isa = PBXFileReference; lastKnownFileType = sourcecode.swift; path = CleanupPathValidator.swift; sourceTree = "<group>"; };
		B20000000000000000000005 /* CleanupSafetyEngine.swift */ = {isa = PBXFileReference; lastKnownFileType = sourcecode.swift; path = CleanupSafetyEngine.swift; sourceTree = "<group>"; };
		B20000000000000000000006 /* CleanupScanEngine.swift */ = {isa = PBXFileReference; lastKnownFileType = sourcecode.swift; path = CleanupScanEngine.swift; sourceTree = "<group>"; };
		B20000000000000000000007 /* CleanupFileSizer.swift */ = {isa = PBXFileReference; lastKnownFileType = sourcecode.swift; path = CleanupFileSizer.swift; sourceTree = "<group>"; };
		B20000000000000000000008 /* CleanupSecureRemoval.swift */ = {isa = PBXFileReference; lastKnownFileType = sourcecode.swift; path = CleanupSecureRemoval.swift; sourceTree = "<group>"; };
		B20000000000000000000009 /* DeveloperProjectDiscovery.swift */ = {isa = PBXFileReference; lastKnownFileType = sourcecode.swift; path = DeveloperProjectDiscovery.swift; sourceTree = "<group>"; };
		B20000000000000000000010 /* CargoMetadataResolver.swift */ = {isa = PBXFileReference; lastKnownFileType = sourcecode.swift; path = CargoMetadataResolver.swift; sourceTree = "<group>"; };
		B20000000000000000000011 /* DeveloperBuildActivityGuard.swift */ = {isa = PBXFileReference; lastKnownFileType = sourcecode.swift; path = DeveloperBuildActivityGuard.swift; sourceTree = "<group>"; };
		B20000000000000000000012 /* DeveloperBuildArtifactScanner.swift */ = {isa = PBXFileReference; lastKnownFileType = sourcecode.swift; path = DeveloperBuildArtifactScanner.swift; sourceTree = "<group>"; };
		D20000000000000000000001 /* HelperProtocol.swift */ = {isa = PBXFileReference; lastKnownFileType = sourcecode.swift; path = HelperProtocol.swift; sourceTree = "<group>"; };
		D20000000000000000000002 /* HelperMain.swift */ = {isa = PBXFileReference; lastKnownFileType = sourcecode.swift; path = HelperMain.swift; sourceTree = "<group>"; };
		D20000000000000000000003 /* PrivilegedHelperService.swift */ = {isa = PBXFileReference; lastKnownFileType = sourcecode.swift; path = PrivilegedHelperService.swift; sourceTree = "<group>"; };
		D20000000000000000000004 /* PrivilegedSystemScanner.swift */ = {isa = PBXFileReference; lastKnownFileType = sourcecode.swift; path = PrivilegedSystemScanner.swift; sourceTree = "<group>"; };
		D20000000000000000000005 /* com.knigdelioglu.MemWatch.PrivilegedHelper.plist */ = {isa = PBXFileReference; lastKnownFileType = text.plist.xml; path = com.knigdelioglu.MemWatch.PrivilegedHelper.plist; sourceTree = "<group>"; };
		D20000000000000000000006 /* MemWatchPrivilegedHelper */ = {isa = PBXFileReference; explicitFileType = "compiled.mach-o.executable"; includeInIndex = 0; path = MemWatchPrivilegedHelper; sourceTree = BUILT_PRODUCTS_DIR; };
		D20000000000000000000007 /* PrivilegedHelperInstallerScript.swift */ = {isa = PBXFileReference; lastKnownFileType = sourcecode.swift; path = PrivilegedHelperInstallerScript.swift; sourceTree = "<group>"; };
		E20000000000000000000001 /* CleanupDeletionEngine.swift */ = {isa = PBXFileReference; lastKnownFileType = sourcecode.swift; path = CleanupDeletionEngine.swift; sourceTree = "<group>"; };
		E20000000000000000000002 /* CleanupStores.swift */ = {isa = PBXFileReference; lastKnownFileType = sourcecode.swift; path = CleanupStores.swift; sourceTree = "<group>"; };
		E20000000000000000000003 /* FullDiskAccessService.swift */ = {isa = PBXFileReference; lastKnownFileType = sourcecode.swift; path = FullDiskAccessService.swift; sourceTree = "<group>"; };
		E20000000000000000000004 /* CleanupCoordinator.swift */ = {isa = PBXFileReference; lastKnownFileType = sourcecode.swift; path = CleanupCoordinator.swift; sourceTree = "<group>"; };
			E20000000000000000000005 /* CleanupView.swift */ = {isa = PBXFileReference; lastKnownFileType = sourcecode.swift; path = CleanupView.swift; sourceTree = "<group>"; };
			F20000000000000000000001 /* Display/App/DisplayCoordinator+Connection.swift */ = {isa = PBXFileReference; lastKnownFileType = sourcecode.swift; path = "DisplayCoordinator+Connection.swift"; sourceTree = "<group>"; };
			F20000000000000000000002 /* Display/App/DisplayCoordinator.swift */ = {isa = PBXFileReference; lastKnownFileType = sourcecode.swift; path = DisplayCoordinator.swift; sourceTree = "<group>"; };
			F20000000000000000000003 /* Display/App/DisplayPreferencesMigration.swift */ = {isa = PBXFileReference; lastKnownFileType = sourcecode.swift; path = DisplayPreferencesMigration.swift; sourceTree = "<group>"; };
			F20000000000000000000004 /* Display/App/KeepAwakeCoordinator.swift */ = {isa = PBXFileReference; lastKnownFileType = sourcecode.swift; path = KeepAwakeCoordinator.swift; sourceTree = "<group>"; };
			F20000000000000000000005 /* Display/App/LegacyAmbientSyncMigration.swift */ = {isa = PBXFileReference; lastKnownFileType = sourcecode.swift; path = LegacyAmbientSyncMigration.swift; sourceTree = "<group>"; };
			F20000000000000000000101 /* Display/App/DisplayCapabilityProvider.swift */ = {isa = PBXFileReference; lastKnownFileType = sourcecode.swift; path = DisplayCapabilityProvider.swift; sourceTree = "<group>"; };
			F20000000000000000000102 /* Display/App/DisplayFeatureComposition.swift */ = {isa = PBXFileReference; lastKnownFileType = sourcecode.swift; path = DisplayFeatureComposition.swift; sourceTree = "<group>"; };
			F20000000000000000000103 /* Display/App/DisplayCoordinator+Features.swift */ = {isa = PBXFileReference; lastKnownFileType = sourcecode.swift; path = "DisplayCoordinator+Features.swift"; sourceTree = "<group>"; };
			F20000000000000000000104 /* Display/App/DisplayCoordinator+BrightnessRuntime.swift */ = {isa = PBXFileReference; lastKnownFileType = sourcecode.swift; path = "DisplayCoordinator+BrightnessRuntime.swift"; sourceTree = "<group>"; };
			F20000000000000000000006 /* Display/BrightnessEngine/BrightnessCurve.swift */ = {isa = PBXFileReference; lastKnownFileType = sourcecode.swift; path = BrightnessCurve.swift; sourceTree = "<group>"; };
			F20000000000000000000007 /* Display/BrightnessEngine/LuxFilter.swift */ = {isa = PBXFileReference; lastKnownFileType = sourcecode.swift; path = LuxFilter.swift; sourceTree = "<group>"; };
			F20000000000000000000008 /* Display/DisplayControl/Brightness/BrightnessAutoControlDiagnosticModels.swift */ = {isa = PBXFileReference; lastKnownFileType = sourcecode.swift; path = BrightnessAutoControlDiagnosticModels.swift; sourceTree = "<group>"; };
			F20000000000000000000009 /* Display/DisplayControl/Brightness/BrightnessAutoControlDiagnosticReporter.swift */ = {isa = PBXFileReference; lastKnownFileType = sourcecode.swift; path = BrightnessAutoControlDiagnosticReporter.swift; sourceTree = "<group>"; };
			F20000000000000000000010 /* Display/DisplayControl/Brightness/BrightnessAutoController.swift */ = {isa = PBXFileReference; lastKnownFileType = sourcecode.swift; path = BrightnessAutoController.swift; sourceTree = "<group>"; };
			F20000000000000000000011 /* Display/DisplayControl/Brightness/BrightnessAutoLoopPlanner.swift */ = {isa = PBXFileReference; lastKnownFileType = sourcecode.swift; path = BrightnessAutoLoopPlanner.swift; sourceTree = "<group>"; };
			F20000000000000000000012 /* Display/DisplayControl/Brightness/BrightnessAutoWriteOutcomePlanner.swift */ = {isa = PBXFileReference; lastKnownFileType = sourcecode.swift; path = BrightnessAutoWriteOutcomePlanner.swift; sourceTree = "<group>"; };
			F20000000000000000000013 /* Display/DisplayControl/Brightness/BrightnessMappingDiagnosticModels.swift */ = {isa = PBXFileReference; lastKnownFileType = sourcecode.swift; path = BrightnessMappingDiagnosticModels.swift; sourceTree = "<group>"; };
			F20000000000000000000014 /* Display/DisplayControl/Brightness/BrightnessMappingDiagnosticReporter.swift */ = {isa = PBXFileReference; lastKnownFileType = sourcecode.swift; path = BrightnessMappingDiagnosticReporter.swift; sourceTree = "<group>"; };
			F20000000000000000000015 /* Display/DisplayControl/Brightness/BrightnessState.swift */ = {isa = PBXFileReference; lastKnownFileType = sourcecode.swift; path = BrightnessState.swift; sourceTree = "<group>"; };
			F20000000000000000000016 /* Display/DisplayControl/Brightness/DDCBrightnessMaxDiagnostic.swift */ = {isa = PBXFileReference; lastKnownFileType = sourcecode.swift; path = DDCBrightnessMaxDiagnostic.swift; sourceTree = "<group>"; };
			F20000000000000000000017 /* Display/DisplayControl/Brightness/DDCBrightnessMaxDiagnosticModels.swift */ = {isa = PBXFileReference; lastKnownFileType = sourcecode.swift; path = DDCBrightnessMaxDiagnosticModels.swift; sourceTree = "<group>"; };
			F20000000000000000000018 /* Display/DisplayControl/Brightness/DDCBrightnessMaxDiagnosticReporter.swift */ = {isa = PBXFileReference; lastKnownFileType = sourcecode.swift; path = DDCBrightnessMaxDiagnosticReporter.swift; sourceTree = "<group>"; };
			F20000000000000000000019 /* Display/DisplayControl/Brightness/DDCBrightnessParsing.swift */ = {isa = PBXFileReference; lastKnownFileType = sourcecode.swift; path = DDCBrightnessParsing.swift; sourceTree = "<group>"; };
			F20000000000000000000020 /* Display/DisplayControl/Brightness/DDCBrightnessScale.swift */ = {isa = PBXFileReference; lastKnownFileType = sourcecode.swift; path = DDCBrightnessScale.swift; sourceTree = "<group>"; };
			F20000000000000000000021 /* Display/DisplayControl/Brightness/DDCRawBrightnessProbeDiagnostic.swift */ = {isa = PBXFileReference; lastKnownFileType = sourcecode.swift; path = DDCRawBrightnessProbeDiagnostic.swift; sourceTree = "<group>"; };
			F20000000000000000000022 /* Display/DisplayControl/Brightness/DDCRawBrightnessProbeModels.swift */ = {isa = PBXFileReference; lastKnownFileType = sourcecode.swift; path = DDCRawBrightnessProbeModels.swift; sourceTree = "<group>"; };
			F20000000000000000000023 /* Display/DisplayControl/Brightness/DDCRawBrightnessProbeReporter.swift */ = {isa = PBXFileReference; lastKnownFileType = sourcecode.swift; path = DDCRawBrightnessProbeReporter.swift; sourceTree = "<group>"; };
			F20000000000000000000024 /* Display/DisplayControl/Brightness/HDRBrightnessDDCReader.swift */ = {isa = PBXFileReference; lastKnownFileType = sourcecode.swift; path = HDRBrightnessDDCReader.swift; sourceTree = "<group>"; };
			F20000000000000000000025 /* Display/DisplayControl/Brightness/HDRBrightnessDiagnostic.swift */ = {isa = PBXFileReference; lastKnownFileType = sourcecode.swift; path = HDRBrightnessDiagnostic.swift; sourceTree = "<group>"; };
			F20000000000000000000026 /* Display/DisplayControl/Brightness/HDRBrightnessDiagnosticReporter.swift */ = {isa = PBXFileReference; lastKnownFileType = sourcecode.swift; path = HDRBrightnessDiagnosticReporter.swift; sourceTree = "<group>"; };
			F20000000000000000000027 /* Display/DisplayControl/Brightness/HDRBrightnessModels.swift */ = {isa = PBXFileReference; lastKnownFileType = sourcecode.swift; path = HDRBrightnessModels.swift; sourceTree = "<group>"; };
			F20000000000000000000028 /* Display/DisplayControl/CGSModeSwitcher.swift */ = {isa = PBXFileReference; lastKnownFileType = sourcecode.swift; path = CGSModeSwitcher.swift; sourceTree = "<group>"; };
			F20000000000000000000029 /* Display/DisplayControl/DisplayConnectionBackend.swift */ = {isa = PBXFileReference; lastKnownFileType = sourcecode.swift; path = DisplayConnectionBackend.swift; sourceTree = "<group>"; };
			F20000000000000000000030 /* Display/DisplayControl/DisplayConnectionController.swift */ = {isa = PBXFileReference; lastKnownFileType = sourcecode.swift; path = DisplayConnectionController.swift; sourceTree = "<group>"; };
			F20000000000000000000031 /* Display/DisplayControl/DisplayConnectionState.swift */ = {isa = PBXFileReference; lastKnownFileType = sourcecode.swift; path = DisplayConnectionState.swift; sourceTree = "<group>"; };
			F20000000000000000000034 /* Display/DisplayControl/EDID/DisplayEDIDReader.swift */ = {isa = PBXFileReference; lastKnownFileType = sourcecode.swift; path = DisplayEDIDReader.swift; sourceTree = "<group>"; };
			F20000000000000000000035 /* Display/DisplayControl/EDID/EDIDDiagnosticReporter.swift */ = {isa = PBXFileReference; lastKnownFileType = sourcecode.swift; path = EDIDDiagnosticReporter.swift; sourceTree = "<group>"; };
			F20000000000000000000036 /* Display/DisplayControl/EDID/EDIDHash.swift */ = {isa = PBXFileReference; lastKnownFileType = sourcecode.swift; path = EDIDHash.swift; sourceTree = "<group>"; };
			F20000000000000000000037 /* Display/DisplayControl/EDID/EDIDIORegistryReader.swift */ = {isa = PBXFileReference; lastKnownFileType = sourcecode.swift; path = EDIDIORegistryReader.swift; sourceTree = "<group>"; };
			F20000000000000000000038 /* Display/DisplayControl/EDID/EDIDModels.swift */ = {isa = PBXFileReference; lastKnownFileType = sourcecode.swift; path = EDIDModels.swift; sourceTree = "<group>"; };
			F20000000000000000000039 /* Display/DisplayControl/EDID/EDIDParser.swift */ = {isa = PBXFileReference; lastKnownFileType = sourcecode.swift; path = EDIDParser.swift; sourceTree = "<group>"; };
			F20000000000000000000040 /* Display/DisplayControl/Experimental/CGSModeEnumerationDiagnostic.swift */ = {isa = PBXFileReference; lastKnownFileType = sourcecode.swift; path = CGSModeEnumerationDiagnostic.swift; sourceTree = "<group>"; };
			F20000000000000000000041 /* Display/DisplayControl/Experimental/HiDPIPrivateActivationSafety.swift */ = {isa = PBXFileReference; lastKnownFileType = sourcecode.swift; path = HiDPIPrivateActivationSafety.swift; sourceTree = "<group>"; };
			F20000000000000000000043 /* Display/DisplayControl/Experimental/PrivateActivationExperiment.swift */ = {isa = PBXFileReference; lastKnownFileType = sourcecode.swift; path = PrivateActivationExperiment.swift; sourceTree = "<group>"; };
			F20000000000000000000044 /* Display/DisplayControl/Experimental/PrivateDisplaySymbolResolver.swift */ = {isa = PBXFileReference; lastKnownFileType = sourcecode.swift; path = PrivateDisplaySymbolResolver.swift; sourceTree = "<group>"; };
			F20000000000000000000045 /* Display/DisplayControl/Experimental/PrivateHiDPIActivationEngine.swift */ = {isa = PBXFileReference; lastKnownFileType = sourcecode.swift; path = PrivateHiDPIActivationEngine.swift; sourceTree = "<group>"; };
			F20000000000000000000047 /* Display/DisplayControl/HiDPIActivationEngine.swift */ = {isa = PBXFileReference; lastKnownFileType = sourcecode.swift; path = HiDPIActivationEngine.swift; sourceTree = "<group>"; };
			F20000000000000000000048 /* Display/DisplayControl/HiDPIDiagnostic.swift */ = {isa = PBXFileReference; lastKnownFileType = sourcecode.swift; path = HiDPIDiagnostic.swift; sourceTree = "<group>"; };
			F20000000000000000000049 /* Display/DisplayControl/HiDPIDisplayOverrideManager.swift */ = {isa = PBXFileReference; lastKnownFileType = sourcecode.swift; path = HiDPIDisplayOverrideManager.swift; sourceTree = "<group>"; };
			F20000000000000000000050 /* Display/DisplayControl/HiDPIFeatureController.swift */ = {isa = PBXFileReference; lastKnownFileType = sourcecode.swift; path = HiDPIFeatureController.swift; sourceTree = "<group>"; };
			F20000000000000000000051 /* Display/DisplayControl/HiDPIModeApplier.swift */ = {isa = PBXFileReference; lastKnownFileType = sourcecode.swift; path = HiDPIModeApplier.swift; sourceTree = "<group>"; };
			F20000000000000000000052 /* Display/DisplayControl/HiDPIModePoolDiagnostic.swift */ = {isa = PBXFileReference; lastKnownFileType = sourcecode.swift; path = HiDPIModePoolDiagnostic.swift; sourceTree = "<group>"; };
			F20000000000000000000053 /* Display/DisplayControl/HiDPIOverridePlistBuilder.swift */ = {isa = PBXFileReference; lastKnownFileType = sourcecode.swift; path = HiDPIOverridePlistBuilder.swift; sourceTree = "<group>"; };
			F20000000000000000000054 /* Display/DisplayControl/HiDPIOverrideReferenceStore.swift */ = {isa = PBXFileReference; lastKnownFileType = sourcecode.swift; path = HiDPIOverrideReferenceStore.swift; sourceTree = "<group>"; };
			F20000000000000000000055 /* Display/DisplayControl/HiDPIReapplyService.swift */ = {isa = PBXFileReference; lastKnownFileType = sourcecode.swift; path = HiDPIReapplyService.swift; sourceTree = "<group>"; };
			F20000000000000000000105 /* Display/DisplayControl/HiDPIReapplyLifecycle.swift */ = {isa = PBXFileReference; lastKnownFileType = sourcecode.swift; path = HiDPIReapplyLifecycle.swift; sourceTree = "<group>"; };
			F20000000000000000000106 /* Display/App/DisplayCoordinator+DisplayRuntime.swift */ = {isa = PBXFileReference; lastKnownFileType = sourcecode.swift; path = "DisplayCoordinator+DisplayRuntime.swift"; sourceTree = "<group>"; };
			F20000000000000000000107 /* Display/App/DisplayCoordinator+BrightnessControls.swift */ = {isa = PBXFileReference; lastKnownFileType = sourcecode.swift; path = "DisplayCoordinator+BrightnessControls.swift"; sourceTree = "<group>"; };
			F20000000000000000000108 /* Display/App/DisplayCoordinator+HiDPI.swift */ = {isa = PBXFileReference; lastKnownFileType = sourcecode.swift; path = "DisplayCoordinator+HiDPI.swift"; sourceTree = "<group>"; };
			F20000000000000000000109 /* Display/App/DisplayRuntimeState.swift */ = {isa = PBXFileReference; lastKnownFileType = sourcecode.swift; path = DisplayRuntimeState.swift; sourceTree = "<group>"; };
			F20000000000000000000110 /* Display/App/DisplayCoordinator+State.swift */ = {isa = PBXFileReference; lastKnownFileType = sourcecode.swift; path = "DisplayCoordinator+State.swift"; sourceTree = "<group>"; };
			F20000000000000000000111 /* Display/DisplayControl/DisplayDiscoveryDiagnostic.swift */ = {isa = PBXFileReference; lastKnownFileType = sourcecode.swift; path = DisplayDiscoveryDiagnostic.swift; sourceTree = "<group>"; };
			F20000000000000000000112 /* Display/App/DisplayCoordinator+PowerLifecycle.swift */ = {isa = PBXFileReference; lastKnownFileType = sourcecode.swift; path = "DisplayCoordinator+PowerLifecycle.swift"; sourceTree = "<group>"; };
			F20000000000000000000113 /* Display/App/DisplayPowerLifecycle.swift */ = {isa = PBXFileReference; lastKnownFileType = sourcecode.swift; path = DisplayPowerLifecycle.swift; sourceTree = "<group>"; };
			F20000000000000000000056 /* Display/DisplayControl/HiDPIRefreshService.swift */ = {isa = PBXFileReference; lastKnownFileType = sourcecode.swift; path = HiDPIRefreshService.swift; sourceTree = "<group>"; };
			F20000000000000000000057 /* Display/DisplayControl/HiDPIReportPaths.swift */ = {isa = PBXFileReference; lastKnownFileType = sourcecode.swift; path = HiDPIReportPaths.swift; sourceTree = "<group>"; };
			F20000000000000000000058 /* Display/DisplayControl/HiDPIStateStore.swift */ = {isa = PBXFileReference; lastKnownFileType = sourcecode.swift; path = HiDPIStateStore.swift; sourceTree = "<group>"; };
			F20000000000000000000059 /* Display/DisplayControl/HiDPISystemSnapshotReporter.swift */ = {isa = PBXFileReference; lastKnownFileType = sourcecode.swift; path = HiDPISystemSnapshotReporter.swift; sourceTree = "<group>"; };
			F20000000000000000000060 /* Display/DisplayControl/HiDPITargetDisplayResolver.swift */ = {isa = PBXFileReference; lastKnownFileType = sourcecode.swift; path = HiDPITargetDisplayResolver.swift; sourceTree = "<group>"; };
			F20000000000000000000061 /* Display/DisplayControl/InternalDisplayBrightnessController.swift */ = {isa = PBXFileReference; lastKnownFileType = sourcecode.swift; path = InternalDisplayBrightnessController.swift; sourceTree = "<group>"; };
			F20000000000000000000062 /* Display/DisplayControl/M1DDCDisplayController.swift */ = {isa = PBXFileReference; lastKnownFileType = sourcecode.swift; path = M1DDCDisplayController.swift; sourceTree = "<group>"; };
			F20000000000000000000063 /* Display/DisplayControl/NativeDisplayModeReader.swift */ = {isa = PBXFileReference; lastKnownFileType = sourcecode.swift; path = NativeDisplayModeReader.swift; sourceTree = "<group>"; };
			F20000000000000000000064 /* Display/DisplayControl/PrivateDisplayConnectionBackend.swift */ = {isa = PBXFileReference; lastKnownFileType = sourcecode.swift; path = PrivateDisplayConnectionBackend.swift; sourceTree = "<group>"; };
			F20000000000000000000065 /* Display/DisplayFeature.swift */ = {isa = PBXFileReference; lastKnownFileType = sourcecode.swift; path = DisplayFeature.swift; sourceTree = "<group>"; };
			F20000000000000000000066 /* Display/Preferences/AmbientSyncModels.swift */ = {isa = PBXFileReference; lastKnownFileType = sourcecode.swift; path = AmbientSyncModels.swift; sourceTree = "<group>"; };
			F20000000000000000000067 /* Display/Sensors/PrivateALSSensorReader.swift */ = {isa = PBXFileReference; lastKnownFileType = sourcecode.swift; path = PrivateALSSensorReader.swift; sourceTree = "<group>"; };
			F20000000000000000000068 /* Display/System/KeepAwakeController.swift */ = {isa = PBXFileReference; lastKnownFileType = sourcecode.swift; path = KeepAwakeController.swift; sourceTree = "<group>"; };
			F20000000000000000000069 /* Display/System/KeepAwakeFeatureController.swift */ = {isa = PBXFileReference; lastKnownFileType = sourcecode.swift; path = KeepAwakeFeatureController.swift; sourceTree = "<group>"; };
			F20000000000000000000070 /* Display/System/MonitorVolumeKeyRouter.swift */ = {isa = PBXFileReference; lastKnownFileType = sourcecode.swift; path = MonitorVolumeKeyRouter.swift; sourceTree = "<group>"; };
			F20000000000000000000071 /* Display/System/PowerSourceController.swift */ = {isa = PBXFileReference; lastKnownFileType = sourcecode.swift; path = PowerSourceController.swift; sourceTree = "<group>"; };
			F20000000000000000000072 /* Display/System/VolumeFeatureController.swift */ = {isa = PBXFileReference; lastKnownFileType = sourcecode.swift; path = VolumeFeatureController.swift; sourceTree = "<group>"; };
			F20000000000000000000073 /* App/AppServices.swift */ = {isa = PBXFileReference; lastKnownFileType = sourcecode.swift; path = AppServices.swift; sourceTree = "<group>"; };
			F20000000000000000000074 /* App/CapabilityRegistry.swift */ = {isa = PBXFileReference; lastKnownFileType = sourcecode.swift; path = CapabilityRegistry.swift; sourceTree = "<group>"; };
			F20000000000000000000075 /* Core/Polling/PollingScheduler.swift */ = {isa = PBXFileReference; lastKnownFileType = sourcecode.swift; path = PollingScheduler.swift; sourceTree = "<group>"; };
			F20000000000000000000076 /* App/DisplayDiagnosticRouter.swift */ = {isa = PBXFileReference; lastKnownFileType = sourcecode.swift; path = DisplayDiagnosticRouter.swift; sourceTree = "<group>"; };
			F20000000000000000000077 /* Views/DisplayFeatureView.swift */ = {isa = PBXFileReference; lastKnownFileType = sourcecode.swift; path = DisplayFeatureView.swift; sourceTree = "<group>"; };
			F20000000000000000000078 /* Views/UnifiedSettingsView.swift */ = {isa = PBXFileReference; lastKnownFileType = sourcecode.swift; path = UnifiedSettingsView.swift; sourceTree = "<group>"; };
			F20000000000000000000079 /* Display/DisplayControl/Brightness/M1DDCBrightnessWriteStatus.swift */ = {isa = PBXFileReference; lastKnownFileType = sourcecode.swift; path = M1DDCBrightnessWriteStatus.swift; sourceTree = "<group>"; };
			F20000000000000000000080 /* Core/Power/PowerSourceReader.swift */ = {isa = PBXFileReference; lastKnownFileType = sourcecode.swift; path = PowerSourceReader.swift; sourceTree = "<group>"; };
			F60000000000000000000001 /* Samsung_4C2D_76AB_reference.plist */ = {isa = PBXFileReference; lastKnownFileType = text.plist.xml; path = Samsung_4C2D_76AB_reference.plist; sourceTree = "<group>"; };
/* End PBXFileReference section */

/* Begin PBXFrameworksBuildPhase section */
		A30000000000000000000001 /* Frameworks */ = {
			isa = PBXFrameworksBuildPhase;
			buildActionMask = 2147483647;
			files = (
			);
			runOnlyForDeploymentPostprocessing = 0;
		};
		D30000000000000000000001 /* Helper Frameworks */ = {
			isa = PBXFrameworksBuildPhase;
			buildActionMask = 2147483647;
			files = (
			);
			runOnlyForDeploymentPostprocessing = 0;
		};
/* End PBXFrameworksBuildPhase section */

/* Begin PBXGroup section */
		A40000000000000000000001 = {
			isa = PBXGroup;
			children = (
				A20000000000000000000001 /* MemWatchApp.swift */,
				A20000000000000000000020 /* Assets.xcassets */,
				A40000000000000000000003 /* Models */,
				A40000000000000000000004 /* Collectors */,
				A40000000000000000000005 /* Services */,
				B40000000000000000000001 /* Cleanup */,
				D40000000000000000000001 /* PrivilegedHelper */,
				A40000000000000000000006 /* Views */,
				F40000000000000000000001 /* Display */,
				F40000000000000000000002 /* App */,
				F40000000000000000000003 /* Core */,
				F40000000000000000000004 /* Resources */,
				A40000000000000000000002 /* Products */,
			);
			sourceTree = "<group>";
		};
		A40000000000000000000002 /* Products */ = {
			isa = PBXGroup;
			children = (
				A20000000000000000000006 /* MemWatch.app */,
				D20000000000000000000006 /* MemWatchPrivilegedHelper */,
			);
			name = Products;
			sourceTree = "<group>";
		};
		A40000000000000000000003 /* Models */ = {
			isa = PBXGroup;
			children = (
				A20000000000000000000002 /* MemorySnapshot.swift */,
				A20000000000000000000010 /* StorageSnapshot.swift */,
				A20000000000000000000013 /* PowerSnapshot.swift */,
				A20000000000000000000016 /* SystemDiagnosticsSnapshot.swift */,
				C20000000000000000000001 /* TemperatureSensor.swift */,
				C20000000000000000000002 /* ThermalSnapshot.swift */,
				B20000000000000000000001 /* CleanupModels.swift */,
			);
			path = Models;
			sourceTree = "<group>";
		};
		A40000000000000000000004 /* Collectors */ = {
			isa = PBXGroup;
			children = (
				A20000000000000000000003 /* MemoryCollector.swift */,
				A20000000000000000000011 /* StorageCollector.swift */,
				A20000000000000000000014 /* PowerCollector.swift */,
				A20000000000000000000017 /* SystemDiagnosticsCollector.swift */,
				C20000000000000000000008 /* HIDTemperatureSource.swift */,
				C20000000000000000000009 /* ThermalCollector.swift */,
			);
			path = Collectors;
			sourceTree = "<group>";
		};
		A40000000000000000000005 /* Services */ = {
			isa = PBXGroup;
			children = (
				A20000000000000000000004 /* MonitoringService.swift */,
				A20000000000000000000120 /* MonitoringCollector.swift */,
				A20000000000000000000007 /* SwapIntelligenceEngine.swift */,
				A20000000000000000000008 /* NotificationPolicyEngine.swift */,
				A20000000000000000000009 /* NotificationService.swift */,
				A20000000000000000000012 /* StorageNotificationPolicyEngine.swift */,
				A20000000000000000000018 /* LaunchAtLoginService.swift */,
				D20000000000000000000003 /* PrivilegedHelperService.swift */,
				D20000000000000000000007 /* PrivilegedHelperInstallerScript.swift */,
				E20000000000000000000003 /* FullDiskAccessService.swift */,
				E20000000000000000000004 /* CleanupCoordinator.swift */,
			);
			path = Services;
			sourceTree = "<group>";
		};
		A40000000000000000000006 /* Views */ = {
			isa = PBXGroup;
			children = (
				A20000000000000000000005 /* MenuBarView.swift */,
				A20000000000000000000015 /* PowerMonitorView.swift */,
					A20000000000000000000019 /* SystemDiagnosticsView.swift */,
					E20000000000000000000005 /* CleanupView.swift */,
					F20000000000000000000077 /* Views/DisplayFeatureView.swift */,
					F20000000000000000000078 /* Views/UnifiedSettingsView.swift */,
			);
			path = Views;
			sourceTree = "<group>";
		};
		B40000000000000000000001 /* Cleanup */ = {
			isa = PBXGroup;
			children = (
				B40000000000000000000002 /* Core */,
				E40000000000000000000001 /* Persistence */,
			);
			path = Cleanup;
			sourceTree = "<group>";
		};
		B40000000000000000000002 /* Core */ = {
			isa = PBXGroup;
			children = (
				B20000000000000000000002 /* CleanupScanner.swift */,
				B20000000000000000000009 /* DeveloperProjectDiscovery.swift */,
				B20000000000000000000010 /* CargoMetadataResolver.swift */,
				B20000000000000000000011 /* DeveloperBuildActivityGuard.swift */,
				B20000000000000000000012 /* DeveloperBuildArtifactScanner.swift */,
				B20000000000000000000003 /* CleanupRuleCatalog.swift */,
				B20000000000000000000004 /* CleanupPathValidator.swift */,
				B20000000000000000000005 /* CleanupSafetyEngine.swift */,
				B20000000000000000000006 /* CleanupScanEngine.swift */,
				B20000000000000000000007 /* CleanupFileSizer.swift */,
				B20000000000000000000008 /* CleanupSecureRemoval.swift */,
				D20000000000000000000004 /* PrivilegedSystemScanner.swift */,
				E20000000000000000000001 /* CleanupDeletionEngine.swift */,
			);
			path = Core;
			sourceTree = "<group>";
		};
		E40000000000000000000001 /* Persistence */ = {
			isa = PBXGroup;
			children = (
				E20000000000000000000002 /* CleanupStores.swift */,
			);
			path = Persistence;
			sourceTree = "<group>";
		};
		D40000000000000000000001 /* PrivilegedHelper */ = {
			isa = PBXGroup;
			children = (
				D20000000000000000000001 /* HelperProtocol.swift */,
				D20000000000000000000002 /* HelperMain.swift */,
				D20000000000000000000005 /* com.knigdelioglu.MemWatch.PrivilegedHelper.plist */,
			);
			path = PrivilegedHelper;
			sourceTree = "<group>";
		};
		F40000000000000000000001 /* Display */ = {
			isa = PBXGroup;
			children = (
				F40000000000000000000010 /* App */,
				F40000000000000000000011 /* BrightnessEngine */,
				F40000000000000000000012 /* DisplayControl */,
				F40000000000000000000013 /* Preferences */,
				F40000000000000000000014 /* Sensors */,
				F40000000000000000000015 /* System */,
				F20000000000000000000065 /* Display/DisplayFeature.swift */,
			);
			path = Display;
			sourceTree = "<group>";
		};
		F40000000000000000000020 /* Power */ = {
			isa = PBXGroup;
			children = (
				F20000000000000000000080 /* Core/Power/PowerSourceReader.swift */,
			);
			path = Power;
			sourceTree = "<group>";
		};
		F40000000000000000000010 /* App */ = {
			isa = PBXGroup;
			children = (
				F20000000000000000000001 /* Display/App/DisplayCoordinator+Connection.swift */,
				F20000000000000000000002 /* Display/App/DisplayCoordinator.swift */,
				F20000000000000000000003 /* Display/App/DisplayPreferencesMigration.swift */,
				F20000000000000000000004 /* Display/App/KeepAwakeCoordinator.swift */,
				F20000000000000000000005 /* Display/App/LegacyAmbientSyncMigration.swift */,
				F20000000000000000000101 /* Display/App/DisplayCapabilityProvider.swift */,
				F20000000000000000000102 /* Display/App/DisplayFeatureComposition.swift */,
				F20000000000000000000103 /* Display/App/DisplayCoordinator+Features.swift */,
				F20000000000000000000104 /* Display/App/DisplayCoordinator+BrightnessRuntime.swift */,
				F20000000000000000000106 /* Display/App/DisplayCoordinator+DisplayRuntime.swift */,
				F20000000000000000000107 /* Display/App/DisplayCoordinator+BrightnessControls.swift */,
				F20000000000000000000108 /* Display/App/DisplayCoordinator+HiDPI.swift */,
				F20000000000000000000109 /* Display/App/DisplayRuntimeState.swift */,
				F20000000000000000000110 /* Display/App/DisplayCoordinator+State.swift */,
				F20000000000000000000112 /* Display/App/DisplayCoordinator+PowerLifecycle.swift */,
				F20000000000000000000113 /* Display/App/DisplayPowerLifecycle.swift */,
			);
			path = App;
			sourceTree = "<group>";
		};
		F40000000000000000000011 /* BrightnessEngine */ = {
			isa = PBXGroup;
			children = (
				F20000000000000000000006 /* Display/BrightnessEngine/BrightnessCurve.swift */,
				F20000000000000000000007 /* Display/BrightnessEngine/LuxFilter.swift */,
			);
			path = BrightnessEngine;
			sourceTree = "<group>";
		};
		F40000000000000000000012 /* DisplayControl */ = {
			isa = PBXGroup;
			children = (
				F40000000000000000000016 /* Brightness */,
				F40000000000000000000017 /* EDID */,
				F40000000000000000000018 /* Experimental */,
				F20000000000000000000028 /* Display/DisplayControl/CGSModeSwitcher.swift */,
				F20000000000000000000029 /* Display/DisplayControl/DisplayConnectionBackend.swift */,
				F20000000000000000000030 /* Display/DisplayControl/DisplayConnectionController.swift */,
				F20000000000000000000031 /* Display/DisplayControl/DisplayConnectionState.swift */,
				F20000000000000000000047 /* Display/DisplayControl/HiDPIActivationEngine.swift */,
				F20000000000000000000048 /* Display/DisplayControl/HiDPIDiagnostic.swift */,
				F20000000000000000000049 /* Display/DisplayControl/HiDPIDisplayOverrideManager.swift */,
				F20000000000000000000050 /* Display/DisplayControl/HiDPIFeatureController.swift */,
				F20000000000000000000051 /* Display/DisplayControl/HiDPIModeApplier.swift */,
				F20000000000000000000052 /* Display/DisplayControl/HiDPIModePoolDiagnostic.swift */,
				F20000000000000000000053 /* Display/DisplayControl/HiDPIOverridePlistBuilder.swift */,
				F20000000000000000000054 /* Display/DisplayControl/HiDPIOverrideReferenceStore.swift */,
				F20000000000000000000055 /* Display/DisplayControl/HiDPIReapplyService.swift */,
				F20000000000000000000105 /* Display/DisplayControl/HiDPIReapplyLifecycle.swift */,
				F20000000000000000000056 /* Display/DisplayControl/HiDPIRefreshService.swift */,
				F20000000000000000000057 /* Display/DisplayControl/HiDPIReportPaths.swift */,
				F20000000000000000000058 /* Display/DisplayControl/HiDPIStateStore.swift */,
				F20000000000000000000059 /* Display/DisplayControl/HiDPISystemSnapshotReporter.swift */,
				F20000000000000000000060 /* Display/DisplayControl/HiDPITargetDisplayResolver.swift */,
				F20000000000000000000061 /* Display/DisplayControl/InternalDisplayBrightnessController.swift */,
				F20000000000000000000062 /* Display/DisplayControl/M1DDCDisplayController.swift */,
				F20000000000000000000111 /* Display/DisplayControl/DisplayDiscoveryDiagnostic.swift */,
				F20000000000000000000063 /* Display/DisplayControl/NativeDisplayModeReader.swift */,
				F20000000000000000000064 /* Display/DisplayControl/PrivateDisplayConnectionBackend.swift */,
			);
			path = DisplayControl;
			sourceTree = "<group>";
		};
		F40000000000000000000016 /* Brightness */ = {
			isa = PBXGroup;
			children = (
				F20000000000000000000008 /* Display/DisplayControl/Brightness/BrightnessAutoControlDiagnosticModels.swift */,
				F20000000000000000000009 /* Display/DisplayControl/Brightness/BrightnessAutoControlDiagnosticReporter.swift */,
				F20000000000000000000010 /* Display/DisplayControl/Brightness/BrightnessAutoController.swift */,
				F20000000000000000000011 /* Display/DisplayControl/Brightness/BrightnessAutoLoopPlanner.swift */,
				F20000000000000000000012 /* Display/DisplayControl/Brightness/BrightnessAutoWriteOutcomePlanner.swift */,
				F20000000000000000000013 /* Display/DisplayControl/Brightness/BrightnessMappingDiagnosticModels.swift */,
				F20000000000000000000014 /* Display/DisplayControl/Brightness/BrightnessMappingDiagnosticReporter.swift */,
				F20000000000000000000015 /* Display/DisplayControl/Brightness/BrightnessState.swift */,
				F20000000000000000000079 /* Display/DisplayControl/Brightness/M1DDCBrightnessWriteStatus.swift */,
				F20000000000000000000016 /* Display/DisplayControl/Brightness/DDCBrightnessMaxDiagnostic.swift */,
				F20000000000000000000017 /* Display/DisplayControl/Brightness/DDCBrightnessMaxDiagnosticModels.swift */,
				F20000000000000000000018 /* Display/DisplayControl/Brightness/DDCBrightnessMaxDiagnosticReporter.swift */,
				F20000000000000000000019 /* Display/DisplayControl/Brightness/DDCBrightnessParsing.swift */,
				F20000000000000000000020 /* Display/DisplayControl/Brightness/DDCBrightnessScale.swift */,
				F20000000000000000000021 /* Display/DisplayControl/Brightness/DDCRawBrightnessProbeDiagnostic.swift */,
				F20000000000000000000022 /* Display/DisplayControl/Brightness/DDCRawBrightnessProbeModels.swift */,
				F20000000000000000000023 /* Display/DisplayControl/Brightness/DDCRawBrightnessProbeReporter.swift */,
				F20000000000000000000024 /* Display/DisplayControl/Brightness/HDRBrightnessDDCReader.swift */,
				F20000000000000000000025 /* Display/DisplayControl/Brightness/HDRBrightnessDiagnostic.swift */,
				F20000000000000000000026 /* Display/DisplayControl/Brightness/HDRBrightnessDiagnosticReporter.swift */,
				F20000000000000000000027 /* Display/DisplayControl/Brightness/HDRBrightnessModels.swift */,
			);
			path = Brightness;
			sourceTree = "<group>";
		};
		F40000000000000000000017 /* EDID */ = {
			isa = PBXGroup;
			children = (
				F20000000000000000000034 /* Display/DisplayControl/EDID/DisplayEDIDReader.swift */,
				F20000000000000000000035 /* Display/DisplayControl/EDID/EDIDDiagnosticReporter.swift */,
				F20000000000000000000036 /* Display/DisplayControl/EDID/EDIDHash.swift */,
				F20000000000000000000037 /* Display/DisplayControl/EDID/EDIDIORegistryReader.swift */,
				F20000000000000000000038 /* Display/DisplayControl/EDID/EDIDModels.swift */,
				F20000000000000000000039 /* Display/DisplayControl/EDID/EDIDParser.swift */,
			);
			path = EDID;
			sourceTree = "<group>";
		};
		F40000000000000000000018 /* Experimental */ = {
			isa = PBXGroup;
			children = (
				F20000000000000000000040 /* Display/DisplayControl/Experimental/CGSModeEnumerationDiagnostic.swift */,
				F20000000000000000000041 /* Display/DisplayControl/Experimental/HiDPIPrivateActivationSafety.swift */,
				F20000000000000000000043 /* Display/DisplayControl/Experimental/PrivateActivationExperiment.swift */,
				F20000000000000000000044 /* Display/DisplayControl/Experimental/PrivateDisplaySymbolResolver.swift */,
				F20000000000000000000045 /* Display/DisplayControl/Experimental/PrivateHiDPIActivationEngine.swift */,
			);
			path = Experimental;
			sourceTree = "<group>";
		};
		F40000000000000000000013 /* Preferences */ = {
			isa = PBXGroup;
			children = (
				F20000000000000000000066 /* Display/Preferences/AmbientSyncModels.swift */,
			);
			path = Preferences;
			sourceTree = "<group>";
		};
		F40000000000000000000014 /* Sensors */ = {
			isa = PBXGroup;
			children = (
				F20000000000000000000067 /* Display/Sensors/PrivateALSSensorReader.swift */,
			);
			path = Sensors;
			sourceTree = "<group>";
		};
		F40000000000000000000015 /* System */ = {
			isa = PBXGroup;
			children = (
				F20000000000000000000068 /* Display/System/KeepAwakeController.swift */,
				F20000000000000000000069 /* Display/System/KeepAwakeFeatureController.swift */,
				F20000000000000000000070 /* Display/System/MonitorVolumeKeyRouter.swift */,
				F20000000000000000000071 /* Display/System/PowerSourceController.swift */,
				F20000000000000000000072 /* Display/System/VolumeFeatureController.swift */,
			);
			path = System;
			sourceTree = "<group>";
		};
		F40000000000000000000002 /* App */ = {
			isa = PBXGroup;
			children = (
				F20000000000000000000073 /* App/AppServices.swift */,
				F20000000000000000000074 /* App/CapabilityRegistry.swift */,
				F20000000000000000000076 /* App/DisplayDiagnosticRouter.swift */,
			);
			path = App;
			sourceTree = "<group>";
		};
		F40000000000000000000003 /* Core */ = {
			isa = PBXGroup;
			children = (
				F40000000000000000000019 /* Polling */,
				F40000000000000000000020 /* Power */,
				C40000000000000000000001 /* Thermal */,
			);
			path = Core;
			sourceTree = "<group>";
		};
		C40000000000000000000001 /* Thermal */ = {
			isa = PBXGroup;
			children = (
				C20000000000000000000003 /* SensorCatalog.swift */,
				C20000000000000000000004 /* TemperatureValidator.swift */,
				C20000000000000000000005 /* ThermalHealth.swift */,
				C20000000000000000000006 /* ThermalSourcePolicy.swift */,
				C20000000000000000000007 /* ThermalAggregator.swift */,
			);
			path = Thermal;
			sourceTree = "<group>";
		};
		F40000000000000000000019 /* Polling */ = {
			isa = PBXGroup;
			children = (
				F20000000000000000000075 /* Core/Polling/PollingScheduler.swift */,
			);
			path = Polling;
			sourceTree = "<group>";
		};
		F40000000000000000000004 /* Resources */ = {
			isa = PBXGroup;
			children = (
				F40000000000000000000005 /* HiDPIOverrides */,
			);
			path = Resources;
			sourceTree = "<group>";
		};
		F40000000000000000000005 /* HiDPIOverrides */ = {
			isa = PBXGroup;
			children = (
				F60000000000000000000001 /* Samsung_4C2D_76AB_reference.plist */,
			);
			path = HiDPIOverrides;
			sourceTree = "<group>";
		};
/* End PBXGroup section */

/* Begin PBXNativeTarget section */
		A50000000000000000000001 /* MemWatch */ = {
			isa = PBXNativeTarget;
			buildConfigurationList = A90000000000000000000002 /* Build configuration list for PBXNativeTarget "MemWatch" */;
			buildPhases = (
				A60000000000000000000001 /* Sources */,
				A30000000000000000000001 /* Frameworks */,
				A70000000000000000000001 /* Resources */,
				D71000000000000000000001 /* Copy Privileged Helper */,
				D71000000000000000000002 /* Copy LaunchDaemon Plist */,
			);
			buildRules = (
			);
			dependencies = (
				D90000000000000000000001 /* PBXTargetDependency */,
			);
			name = MemWatch;
			productName = MemWatch;
			productReference = A20000000000000000000006 /* MemWatch.app */;
			productType = "com.apple.product-type.application";
		};
		D50000000000000000000001 /* MemWatchPrivilegedHelper */ = {
			isa = PBXNativeTarget;
			buildConfigurationList = DB00000000000000000000001 /* Build configuration list for PBXNativeTarget "MemWatchPrivilegedHelper" */;
			buildPhases = (
				D60000000000000000000001 /* Helper Sources */,
				D30000000000000000000001 /* Helper Frameworks */,
			);
			buildRules = (
			);
			dependencies = (
			);
			name = MemWatchPrivilegedHelper;
			productName = MemWatchPrivilegedHelper;
			productReference = D20000000000000000000006 /* MemWatchPrivilegedHelper */;
			productType = "com.apple.product-type.tool";
		};
/* End PBXNativeTarget section */

/* Begin PBXProject section */
		A80000000000000000000001 /* Project object */ = {
			isa = PBXProject;
			attributes = {
				BuildIndependentTargetsInParallel = 1;
				LastSwiftUpdateCheck = 1600;
				LastUpgradeCheck = 1600;
				TargetAttributes = {
					A50000000000000000000001 = {
						CreatedOnToolsVersion = 16.0;
					};
					D50000000000000000000001 = {
						CreatedOnToolsVersion = 16.0;
					};
				};
			};
			buildConfigurationList = A90000000000000000000001 /* Build configuration list for PBXProject "MemWatch" */;
			compatibilityVersion = "Xcode 14.0";
			developmentRegion = en;
			hasScannedForEncodings = 0;
			knownRegions = (
				en,
				Base,
			);
			mainGroup = A40000000000000000000001;
			productRefGroup = A40000000000000000000002 /* Products */;
			projectDirPath = "";
			projectRoot = "";
			targets = (
				A50000000000000000000001 /* MemWatch */,
				D50000000000000000000001 /* MemWatchPrivilegedHelper */,
			);
		};
/* End PBXProject section */

/* Begin PBXResourcesBuildPhase section */
		A70000000000000000000001 /* Resources */ = {
			isa = PBXResourcesBuildPhase;
			buildActionMask = 2147483647;
			files = (
				A10000000000000000000019 /* Assets.xcassets in Resources */,
				F70000000000000000000001 /* Samsung HiDPI reference in Resources */,
			);
			runOnlyForDeploymentPostprocessing = 0;
		};
/* End PBXResourcesBuildPhase section */

/* Begin PBXSourcesBuildPhase section */
		A60000000000000000000001 /* Sources */ = {
			isa = PBXSourcesBuildPhase;
			buildActionMask = 2147483647;
			files = (
				A10000000000000000000001 /* MemWatchApp.swift in Sources */,
				A10000000000000000000002 /* MemorySnapshot.swift in Sources */,
				A10000000000000000000003 /* MemoryCollector.swift in Sources */,
				A10000000000000000000004 /* MonitoringService.swift in Sources */,
				A10000000000000000000120 /* MonitoringCollector.swift in Sources */,
				A10000000000000000000005 /* MenuBarView.swift in Sources */,
				A10000000000000000000006 /* SwapIntelligenceEngine.swift in Sources */,
				A10000000000000000000007 /* NotificationPolicyEngine.swift in Sources */,
				A10000000000000000000008 /* NotificationService.swift in Sources */,
				A10000000000000000000009 /* StorageSnapshot.swift in Sources */,
				A10000000000000000000010 /* StorageCollector.swift in Sources */,
				A10000000000000000000011 /* StorageNotificationPolicyEngine.swift in Sources */,
				A10000000000000000000012 /* PowerSnapshot.swift in Sources */,
				A10000000000000000000013 /* PowerCollector.swift in Sources */,
				A10000000000000000000014 /* PowerMonitorView.swift in Sources */,
				A10000000000000000000015 /* SystemDiagnosticsSnapshot.swift in Sources */,
				A10000000000000000000016 /* SystemDiagnosticsCollector.swift in Sources */,
				A10000000000000000000017 /* LaunchAtLoginService.swift in Sources */,
				A10000000000000000000018 /* SystemDiagnosticsView.swift in Sources */,
				C10000000000000000000001 /* TemperatureSensor.swift in Sources */,
				C10000000000000000000002 /* ThermalSnapshot.swift in Sources */,
				C10000000000000000000003 /* SensorCatalog.swift in Sources */,
				C10000000000000000000004 /* TemperatureValidator.swift in Sources */,
				C10000000000000000000005 /* ThermalHealth.swift in Sources */,
				C10000000000000000000006 /* ThermalSourcePolicy.swift in Sources */,
				C10000000000000000000007 /* ThermalAggregator.swift in Sources */,
				C10000000000000000000009 /* ThermalCollector.swift in Sources */,
				B10000000000000000000001 /* CleanupModels.swift in Sources */,
				B10000000000000000000002 /* CleanupScanner.swift in Sources */,
				B10000000000000000000003 /* CleanupRuleCatalog.swift in Sources */,
				B10000000000000000000004 /* CleanupPathValidator.swift in Sources */,
				B10000000000000000000005 /* CleanupSafetyEngine.swift in Sources */,
				B10000000000000000000006 /* CleanupScanEngine.swift in Sources */,
				B10000000000000000000007 /* CleanupFileSizer.swift in Sources */,
				B10000000000000000000008 /* CleanupSecureRemoval.swift in Sources */,
				B10000000000000000000009 /* DeveloperProjectDiscovery.swift in Sources */,
				B10000000000000000000010 /* CargoMetadataResolver.swift in Sources */,
				B10000000000000000000011 /* DeveloperBuildActivityGuard.swift in Sources */,
				B10000000000000000000012 /* DeveloperBuildArtifactScanner.swift in Sources */,
				D10000000000000000000001 /* HelperProtocol.swift in Sources */,
				D10000000000000000000002 /* PrivilegedHelperService.swift in Sources */,
				D10000000000000000000003 /* PrivilegedSystemScanner.swift in Sources */,
				D10000000000000000000009 /* PrivilegedHelperInstallerScript.swift in Sources */,
				E10000000000000000000001 /* CleanupDeletionEngine.swift in Sources */,
				E10000000000000000000002 /* CleanupStores.swift in Sources */,
				E10000000000000000000003 /* FullDiskAccessService.swift in Sources */,
				E10000000000000000000004 /* CleanupCoordinator.swift in Sources */,
				E10000000000000000000005 /* CleanupView.swift in Sources */,
				F10000000000000000000001 /* Display/App/DisplayCoordinator+Connection.swift in Sources */,
				F10000000000000000000002 /* Display/App/DisplayCoordinator.swift in Sources */,
				F10000000000000000000003 /* Display/App/DisplayPreferencesMigration.swift in Sources */,
				F10000000000000000000004 /* Display/App/KeepAwakeCoordinator.swift in Sources */,
				F10000000000000000000005 /* Display/App/LegacyAmbientSyncMigration.swift in Sources */,
				F10000000000000000000101 /* Display/App/DisplayCapabilityProvider.swift in Sources */,
				F10000000000000000000102 /* Display/App/DisplayFeatureComposition.swift in Sources */,
				F10000000000000000000103 /* Display/App/DisplayCoordinator+Features.swift in Sources */,
				F10000000000000000000104 /* Display/App/DisplayCoordinator+BrightnessRuntime.swift in Sources */,
				F10000000000000000000106 /* Display/App/DisplayCoordinator+DisplayRuntime.swift in Sources */,
				F10000000000000000000107 /* Display/App/DisplayCoordinator+BrightnessControls.swift in Sources */,
				F10000000000000000000108 /* Display/App/DisplayCoordinator+HiDPI.swift in Sources */,
				F10000000000000000000109 /* Display/App/DisplayRuntimeState.swift in Sources */,
				F10000000000000000000110 /* Display/App/DisplayCoordinator+State.swift in Sources */,
				F10000000000000000000112 /* Display/App/DisplayCoordinator+PowerLifecycle.swift in Sources */,
				F10000000000000000000113 /* Display/App/DisplayPowerLifecycle.swift in Sources */,
				F10000000000000000000006 /* Display/BrightnessEngine/BrightnessCurve.swift in Sources */,
				F10000000000000000000007 /* Display/BrightnessEngine/LuxFilter.swift in Sources */,
				F10000000000000000000008 /* Display/DisplayControl/Brightness/BrightnessAutoControlDiagnosticModels.swift in Sources */,
				F10000000000000000000009 /* Display/DisplayControl/Brightness/BrightnessAutoControlDiagnosticReporter.swift in Sources */,
				F10000000000000000000010 /* Display/DisplayControl/Brightness/BrightnessAutoController.swift in Sources */,
				F10000000000000000000011 /* Display/DisplayControl/Brightness/BrightnessAutoLoopPlanner.swift in Sources */,
				F10000000000000000000012 /* Display/DisplayControl/Brightness/BrightnessAutoWriteOutcomePlanner.swift in Sources */,
				F10000000000000000000013 /* Display/DisplayControl/Brightness/BrightnessMappingDiagnosticModels.swift in Sources */,
				F10000000000000000000014 /* Display/DisplayControl/Brightness/BrightnessMappingDiagnosticReporter.swift in Sources */,
				F10000000000000000000015 /* Display/DisplayControl/Brightness/BrightnessState.swift in Sources */,
				F10000000000000000000079 /* Display/DisplayControl/Brightness/M1DDCBrightnessWriteStatus.swift in Sources */,
				F10000000000000000000016 /* Display/DisplayControl/Brightness/DDCBrightnessMaxDiagnostic.swift in Sources */,
				F10000000000000000000017 /* Display/DisplayControl/Brightness/DDCBrightnessMaxDiagnosticModels.swift in Sources */,
				F10000000000000000000018 /* Display/DisplayControl/Brightness/DDCBrightnessMaxDiagnosticReporter.swift in Sources */,
				F10000000000000000000019 /* Display/DisplayControl/Brightness/DDCBrightnessParsing.swift in Sources */,
				F10000000000000000000020 /* Display/DisplayControl/Brightness/DDCBrightnessScale.swift in Sources */,
				F10000000000000000000021 /* Display/DisplayControl/Brightness/DDCRawBrightnessProbeDiagnostic.swift in Sources */,
				F10000000000000000000022 /* Display/DisplayControl/Brightness/DDCRawBrightnessProbeModels.swift in Sources */,
				F10000000000000000000023 /* Display/DisplayControl/Brightness/DDCRawBrightnessProbeReporter.swift in Sources */,
				F10000000000000000000024 /* Display/DisplayControl/Brightness/HDRBrightnessDDCReader.swift in Sources */,
				F10000000000000000000025 /* Display/DisplayControl/Brightness/HDRBrightnessDiagnostic.swift in Sources */,
				F10000000000000000000026 /* Display/DisplayControl/Brightness/HDRBrightnessDiagnosticReporter.swift in Sources */,
				F10000000000000000000027 /* Display/DisplayControl/Brightness/HDRBrightnessModels.swift in Sources */,
				F10000000000000000000028 /* Display/DisplayControl/CGSModeSwitcher.swift in Sources */,
				F10000000000000000000029 /* Display/DisplayControl/DisplayConnectionBackend.swift in Sources */,
				F10000000000000000000030 /* Display/DisplayControl/DisplayConnectionController.swift in Sources */,
				F10000000000000000000031 /* Display/DisplayControl/DisplayConnectionState.swift in Sources */,
				F10000000000000000000034 /* Display/DisplayControl/EDID/DisplayEDIDReader.swift in Sources */,
				F10000000000000000000035 /* Display/DisplayControl/EDID/EDIDDiagnosticReporter.swift in Sources */,
				F10000000000000000000036 /* Display/DisplayControl/EDID/EDIDHash.swift in Sources */,
				F10000000000000000000037 /* Display/DisplayControl/EDID/EDIDIORegistryReader.swift in Sources */,
				F10000000000000000000038 /* Display/DisplayControl/EDID/EDIDModels.swift in Sources */,
				F10000000000000000000039 /* Display/DisplayControl/EDID/EDIDParser.swift in Sources */,
				F10000000000000000000040 /* Display/DisplayControl/Experimental/CGSModeEnumerationDiagnostic.swift in Sources */,
				F10000000000000000000041 /* Display/DisplayControl/Experimental/HiDPIPrivateActivationSafety.swift in Sources */,
				F10000000000000000000043 /* Display/DisplayControl/Experimental/PrivateActivationExperiment.swift in Sources */,
				F10000000000000000000044 /* Display/DisplayControl/Experimental/PrivateDisplaySymbolResolver.swift in Sources */,
				F10000000000000000000045 /* Display/DisplayControl/Experimental/PrivateHiDPIActivationEngine.swift in Sources */,
				F10000000000000000000047 /* Display/DisplayControl/HiDPIActivationEngine.swift in Sources */,
				F10000000000000000000048 /* Display/DisplayControl/HiDPIDiagnostic.swift in Sources */,
				F10000000000000000000049 /* Display/DisplayControl/HiDPIDisplayOverrideManager.swift in Sources */,
				F10000000000000000000050 /* Display/DisplayControl/HiDPIFeatureController.swift in Sources */,
				F10000000000000000000051 /* Display/DisplayControl/HiDPIModeApplier.swift in Sources */,
				F10000000000000000000052 /* Display/DisplayControl/HiDPIModePoolDiagnostic.swift in Sources */,
				F10000000000000000000053 /* Display/DisplayControl/HiDPIOverridePlistBuilder.swift in Sources */,
				F10000000000000000000054 /* Display/DisplayControl/HiDPIOverrideReferenceStore.swift in Sources */,
				F10000000000000000000055 /* Display/DisplayControl/HiDPIReapplyService.swift in Sources */,
				F10000000000000000000105 /* Display/DisplayControl/HiDPIReapplyLifecycle.swift in Sources */,
				F10000000000000000000056 /* Display/DisplayControl/HiDPIRefreshService.swift in Sources */,
				F10000000000000000000057 /* Display/DisplayControl/HiDPIReportPaths.swift in Sources */,
				F10000000000000000000058 /* Display/DisplayControl/HiDPIStateStore.swift in Sources */,
				F10000000000000000000059 /* Display/DisplayControl/HiDPISystemSnapshotReporter.swift in Sources */,
				F10000000000000000000060 /* Display/DisplayControl/HiDPITargetDisplayResolver.swift in Sources */,
				F10000000000000000000061 /* Display/DisplayControl/InternalDisplayBrightnessController.swift in Sources */,
				F10000000000000000000062 /* Display/DisplayControl/M1DDCDisplayController.swift in Sources */,
				F10000000000000000000111 /* Display/DisplayControl/DisplayDiscoveryDiagnostic.swift in Sources */,
				F10000000000000000000063 /* Display/DisplayControl/NativeDisplayModeReader.swift in Sources */,
				F10000000000000000000064 /* Display/DisplayControl/PrivateDisplayConnectionBackend.swift in Sources */,
				F10000000000000000000065 /* Display/DisplayFeature.swift in Sources */,
				F10000000000000000000066 /* Display/Preferences/AmbientSyncModels.swift in Sources */,
				F10000000000000000000067 /* Display/Sensors/PrivateALSSensorReader.swift in Sources */,
				F10000000000000000000068 /* Display/System/KeepAwakeController.swift in Sources */,
				F10000000000000000000069 /* Display/System/KeepAwakeFeatureController.swift in Sources */,
				F10000000000000000000070 /* Display/System/MonitorVolumeKeyRouter.swift in Sources */,
				F10000000000000000000071 /* Display/System/PowerSourceController.swift in Sources */,
				F10000000000000000000072 /* Display/System/VolumeFeatureController.swift in Sources */,
				F10000000000000000000073 /* App/AppServices.swift in Sources */,
				F10000000000000000000074 /* App/CapabilityRegistry.swift in Sources */,
				F10000000000000000000075 /* Core/Polling/PollingScheduler.swift in Sources */,
				F10000000000000000000076 /* App/DisplayDiagnosticRouter.swift in Sources */,
				F10000000000000000000077 /* Views/DisplayFeatureView.swift in Sources */,
				F10000000000000000000078 /* Views/UnifiedSettingsView.swift in Sources */,
				F10000000000000000000080 /* Core/Power/PowerSourceReader.swift in Sources */,
				C10000000000000000000008 /* HIDTemperatureSource.swift in Sources */,
			);
			runOnlyForDeploymentPostprocessing = 0;
		};
		D60000000000000000000001 /* Helper Sources */ = {
			isa = PBXSourcesBuildPhase;
			buildActionMask = 2147483647;
			files = (
				D10000000000000000000004 /* HelperProtocol.swift in Helper Sources */,
				D10000000000000000000008 /* CleanupSecureRemoval.swift in Helper Sources */,
				D10000000000000000000005 /* HelperMain.swift in Helper Sources */,
			);
			runOnlyForDeploymentPostprocessing = 0;
		};
/* End PBXSourcesBuildPhase section */

/* Begin PBXTargetDependency section */
		D90000000000000000000001 /* PBXTargetDependency */ = {
			isa = PBXTargetDependency;
			target = D50000000000000000000001 /* MemWatchPrivilegedHelper */;
			targetProxy = D80000000000000000000001 /* PBXContainerItemProxy */;
		};
/* End PBXTargetDependency section */

/* Begin XCBuildConfiguration section */
		AA0000000000000000000001 /* Debug */ = {
			isa = XCBuildConfiguration;
			buildSettings = {
				CLANG_ENABLE_MODULES = YES;
				MACOSX_DEPLOYMENT_TARGET = 13.0;
				SDKROOT = macosx;
				SWIFT_STRICT_CONCURRENCY = complete;
				SWIFT_VERSION = 5.0;
			};
			name = Debug;
		};
		AA0000000000000000000002 /* Release */ = {
			isa = XCBuildConfiguration;
			buildSettings = {
				CLANG_ENABLE_MODULES = YES;
				MACOSX_DEPLOYMENT_TARGET = 13.0;
				SDKROOT = macosx;
				SWIFT_STRICT_CONCURRENCY = complete;
				SWIFT_VERSION = 5.0;
			};
			name = Release;
		};
		AA0000000000000000000003 /* Debug */ = {
			isa = XCBuildConfiguration;
			buildSettings = {
				ASSETCATALOG_COMPILER_APPICON_NAME = AppIcon;
				CODE_SIGN_STYLE = Automatic;
				COMBINE_HIDPI_IMAGES = YES;
				CURRENT_PROJECT_VERSION = 1;
				ENABLE_HARDENED_RUNTIME = YES;
				GENERATE_INFOPLIST_FILE = YES;
				INFOPLIST_KEY_LSUIElement = YES;
				MACOSX_DEPLOYMENT_TARGET = 13.0;
				MARKETING_VERSION = 0.1.0;
				PRODUCT_BUNDLE_IDENTIFIER = com.knigdelioglu.MemWatch;
				PRODUCT_NAME = "$(TARGET_NAME)";
				SDKROOT = macosx;
				SWIFT_EMIT_LOC_STRINGS = YES;
				SWIFT_STRICT_CONCURRENCY = complete;
				SWIFT_VERSION = 5.0;
			};
			name = Debug;
		};
		AA0000000000000000000004 /* Release */ = {
			isa = XCBuildConfiguration;
			buildSettings = {
				ASSETCATALOG_COMPILER_APPICON_NAME = AppIcon;
				CODE_SIGN_STYLE = Automatic;
				COMBINE_HIDPI_IMAGES = YES;
				CURRENT_PROJECT_VERSION = 1;
				ENABLE_HARDENED_RUNTIME = YES;
				GENERATE_INFOPLIST_FILE = YES;
				INFOPLIST_KEY_LSUIElement = YES;
				MACOSX_DEPLOYMENT_TARGET = 13.0;
				MARKETING_VERSION = 0.1.0;
				PRODUCT_BUNDLE_IDENTIFIER = com.knigdelioglu.MemWatch;
				PRODUCT_NAME = "$(TARGET_NAME)";
				SDKROOT = macosx;
				SWIFT_EMIT_LOC_STRINGS = YES;
				SWIFT_STRICT_CONCURRENCY = complete;
				SWIFT_VERSION = 5.0;
			};
			name = Release;
		};
		DA0000000000000000000001 /* Helper Debug */ = {
			isa = XCBuildConfiguration;
			buildSettings = {
				CODE_SIGN_STYLE = Automatic;
				CURRENT_PROJECT_VERSION = 1;
				ENABLE_HARDENED_RUNTIME = YES;
				MACOSX_DEPLOYMENT_TARGET = 13.0;
				OTHER_CODE_SIGN_FLAGS = "--identifier MemWatchPrivilegedHelper";
				PRODUCT_NAME = MemWatchPrivilegedHelper;
				SDKROOT = macosx;
				SKIP_INSTALL = YES;
				SWIFT_STRICT_CONCURRENCY = complete;
				SWIFT_VERSION = 5.0;
			};
			name = Debug;
		};
		DA0000000000000000000002 /* Helper Release */ = {
			isa = XCBuildConfiguration;
			buildSettings = {
				CODE_SIGN_STYLE = Automatic;
				CURRENT_PROJECT_VERSION = 1;
				ENABLE_HARDENED_RUNTIME = YES;
				MACOSX_DEPLOYMENT_TARGET = 13.0;
				OTHER_CODE_SIGN_FLAGS = "--identifier MemWatchPrivilegedHelper";
				PRODUCT_NAME = MemWatchPrivilegedHelper;
				SDKROOT = macosx;
				SKIP_INSTALL = YES;
				SWIFT_STRICT_CONCURRENCY = complete;
				SWIFT_VERSION = 5.0;
			};
			name = Release;
		};
/* End XCBuildConfiguration section */

/* Begin XCConfigurationList section */
		A90000000000000000000001 /* Build configuration list for PBXProject "MemWatch" */ = {
			isa = XCConfigurationList;
			buildConfigurations = (
				AA0000000000000000000001 /* Debug */,
				AA0000000000000000000002 /* Release */,
			);
			defaultConfigurationIsVisible = 0;
			defaultConfigurationName = Release;
		};
		A90000000000000000000002 /* Build configuration list for PBXNativeTarget "MemWatch" */ = {
			isa = XCConfigurationList;
			buildConfigurations = (
				AA0000000000000000000003 /* Debug */,
				AA0000000000000000000004 /* Release */,
			);
			defaultConfigurationIsVisible = 0;
			defaultConfigurationName = Release;
		};
		DB00000000000000000000001 /* Build configuration list for PBXNativeTarget "MemWatchPrivilegedHelper" */ = {
			isa = XCConfigurationList;
			buildConfigurations = (
				DA0000000000000000000001 /* Helper Debug */,
				DA0000000000000000000002 /* Helper Release */,
			);
			defaultConfigurationIsVisible = 0;
			defaultConfigurationName = Release;
		};
/* End XCConfigurationList section */
	};
	rootObject = A80000000000000000000001 /* Project object */;
}
